// !$*UTF8*$!
{
	archiveVersion = 1;
	classes = {
	};
	objectVersion = 46;
	objects = {

/* Begin PBXBuildFile section */
		18262620176EB0C3002C1927 /* UIKit.framework in Frameworks */ = {isa = PBXBuildFile; fileRef = 1826261F176EB0C3002C1927 /* UIKit.framework */; };
		18262622176EB0C3002C1927 /* Foundation.framework in Frameworks */ = {isa = PBXBuildFile; fileRef = 18262621176EB0C3002C1927 /* Foundation.framework */; };
		18262624176EB0C3002C1927 /* CoreGraphics.framework in Frameworks */ = {isa = PBXBuildFile; fileRef = 18262623176EB0C3002C1927 /* CoreGraphics.framework */; };
		1826262A176EB0C3002C1927 /* InfoPlist.strings in Resources */ = {isa = PBXBuildFile; fileRef = 18262628176EB0C3002C1927 /* InfoPlist.strings */; };
		1826262C176EB0C3002C1927 /* main.m in Sources */ = {isa = PBXBuildFile; fileRef = 1826262B176EB0C3002C1927 /* main.m */; };
		18262630176EB0C3002C1927 /* TRAppDelegate.m in Sources */ = {isa = PBXBuildFile; fileRef = 1826262F176EB0C3002C1927 /* TRAppDelegate.m */; };
		18262632176EB0C3002C1927 /* Default.png in Resources */ = {isa = PBXBuildFile; fileRef = 18262631176EB0C3002C1927 /* Default.png */; };
		18262634176EB0C3002C1927 /* Default@2x.png in Resources */ = {isa = PBXBuildFile; fileRef = 18262633176EB0C3002C1927 /* Default@2x.png */; };
		18262636176EB0C3002C1927 /* Default-568h@2x.png in Resources */ = {isa = PBXBuildFile; fileRef = 18262635176EB0C3002C1927 /* Default-568h@2x.png */; };
		18262639176EB0C3002C1927 /* TRViewController.m in Sources */ = {isa = PBXBuildFile; fileRef = 18262638176EB0C3002C1927 /* TRViewController.m */; };
		1826263C176EB0C3002C1927 /* TRViewController.xib in Resources */ = {isa = PBXBuildFile; fileRef = 1826263A176EB0C3002C1927 /* TRViewController.xib */; };
		18262643176EB564002C1927 /* Elephant@2x.jpg in Resources */ = {isa = PBXBuildFile; fileRef = 18262642176EB564002C1927 /* Elephant@2x.jpg */; };
/* End PBXBuildFile section */

/* Begin PBXFileReference section */
		1826261B176EB0C3002C1927 /* Demo3_GR_Rotation.app */ = {isa = PBXFileReference; explicitFileType = wrapper.application; includeInIndex = 0; path = Demo3_GR_Rotation.app; sourceTree = BUILT_PRODUCTS_DIR; };
		1826261F176EB0C3002C1927 /* UIKit.framework */ = {isa = PBXFileReference; lastKnownFileType = wrapper.framework; name = UIKit.framework; path = System/Library/Frameworks/UIKit.framework; sourceTree = SDKROOT; };
		18262621176EB0C3002C1927 /* Foundation.framework */ = {isa = PBXFileReference; lastKnownFileType = wrapper.framework; name = Foundation.framework; path = System/Library/Frameworks/Foundation.framework; sourceTree = SDKROOT; };
		18262623176EB0C3002C1927 /* CoreGraphics.framework */ = {isa = PBXFileReference; lastKnownFileType = wrapper.framework; name = CoreGraphics.framework; path = System/Library/Frameworks/CoreGraphics.framework; sourceTree = SDKROOT; };
		18262627176EB0C3002C1927 /* Demo3_GR_Rotation-Info.plist */ = {isa = PBXFileReference; lastKnownFileType = text.plist.xml; path = "Demo3_GR_Rotation-Info.plist"; sourceTree = "<group>"; };
		18262629176EB0C3002C1927 /* en */ = {isa = PBXFileReference; lastKnownFileType = text.plist.strings; name = en; path = en.lproj/InfoPlist.strings; sourceTree = "<group>"; };
		1826262B176EB0C3002C1927 /* main.m */ = {isa = PBXFileReference; lastKnownFileType = sourcecode.c.objc; path = main.m; sourceTree = "<group>"; };
		1826262D176EB0C3002C1927 /* Demo3_GR_Rotation-Prefix.pch */ = {isa = PBXFileReference; lastKnownFileType = sourcecode.c.h; path = "Demo3_GR_Rotation-Prefix.pch"; sourceTree = "<group>"; };
		1826262E176EB0C3002C1927 /* TRAppDelegate.h */ = {isa = PBXFileReference; lastKnownFileType = sourcecode.c.h; path = TRAppDelegate.h; sourceTree = "<group>"; };
		1826262F176EB0C3002C1927 /* TRAppDelegate.m */ = {isa = PBXFileReference; lastKnownFileType = sourcecode.c.objc; path = TRAppDelegate.m; sourceTree = "<group>"; };
		18262631176EB0C3002C1927 /* Default.png */ = {isa = PBXFileReference; lastKnownFileType = image.png; path = Default.png; sourceTree = "<group>"; };
		18262633176EB0C3002C1927 /* Default@2x.png */ = {isa = PBXFileReference; lastKnownFileType = image.png; path = "Default@2x.png"; sourceTree = "<group>"; };
		18262635176EB0C3002C1927 /* Default-568h@2x.png */ = {isa = PBXFileReference; lastKnownFileType = image.png; path = "Default-568h@2x.png"; sourceTree = "<group>"; };
		18262637176EB0C3002C1927 /* TRViewController.h */ = {isa = PBXFileReference; lastKnownFileType = sourcecode.c.h; path = TRViewController.h; sourceTree = "<group>"; };
		18262638176EB0C3002C1927 /* TRViewController.m */ = {isa = PBXFileReference; lastKnownFileType = sourcecode.c.objc; path = TRViewController.m; sourceTree = "<group>"; };
		1826263B176EB0C3002C1927 /* en */ = {isa = PBXFileReference; lastKnownFileType = file.xib; name = en; path = en.lproj/TRViewController.xib; sourceTree = "<group>"; };
		18262642176EB564002C1927 /* Elephant@2x.jpg */ = {isa = PBXFileReference; lastKnownFileType = image.jpeg; path = "Elephant@2x.jpg"; sourceTree = "<group>"; };
/* End PBXFileReference section */

/* Begin PBXFrameworksBuildPhase section */
		18262618176EB0C3002C1927 /* Frameworks */ = {
			isa = PBXFrameworksBuildPhase;
			buildActionMask = 2147483647;
			files = (
				18262620176EB0C3002C1927 /* UIKit.framework in Frameworks */,
				18262622176EB0C3002C1927 /* Foundation.framework in Frameworks */,
				18262624176EB0C3002C1927 /* CoreGraphics.framework in Frameworks */,
			);
			runOnlyForDeploymentPostprocessing = 0;
		};
/* End PBXFrameworksBuildPhase section */

/* Begin PBXGroup section */
		18262610176EB0C3002C1927 = {
			isa = PBXGroup;
			children = (
				18262625176EB0C3002C1927 /* Demo3_GR_Rotation */,
				1826261E176EB0C3002C1927 /* Frameworks */,
				1826261C176EB0C3002C1927 /* Products */,
			);
			sourceTree = "<group>";
		};
		1826261C176EB0C3002C1927 /* Products */ = {
			isa = PBXGroup;
			children = (
				1826261B176EB0C3002C1927 /* Demo3_GR_Rotation.app */,
			);
			name = Products;
			sourceTree = "<group>";
		};
		1826261E176EB0C3002C1927 /* Frameworks */ = {
			isa = PBXGroup;
			children = (
				1826261F176EB0C3002C1927 /* UIKit.framework */,
				18262621176EB0C3002C1927 /* Foundation.framework */,
				18262623176EB0C3002C1927 /* CoreGraphics.framework */,
			);
			name = Frameworks;
			sourceTree = "<group>";
		};
		18262625176EB0C3002C1927 /* Demo3_GR_Rotation */ = {
			isa = PBXGroup;
			children = (
				18262642176EB564002C1927 /* Elephant@2x.jpg */,
				1826262E176EB0C3002C1927 /* TRAppDelegate.h */,
				1826262F176EB0C3002C1927 /* TRAppDelegate.m */,
				18262637176EB0C3002C1927 /* TRViewController.h */,
				18262638176EB0C3002C1927 /* TRViewController.m */,
				1826263A176EB0C3002C1927 /* TRViewController.xib */,
				18262626176EB0C3002C1927 /* Supporting Files */,
			);
			path = Demo3_GR_Rotation;
			sourceTree = "<group>";
		};
		18262626176EB0C3002C1927 /* Supporting Files */ = {
			isa = PBXGroup;
			children = (
				18262627176EB0C3002C1927 /* Demo3_GR_Rotation-Info.plist */,
				18262628176EB0C3002C1927 /* InfoPlist.strings */,
				1826262B176EB0C3002C1927 /* main.m */,
				1826262D176EB0C3002C1927 /* Demo3_GR_Rotation-Prefix.pch */,
				18262631176EB0C3002C1927 /* Default.png */,
				18262633176EB0C3002C1927 /* Default@2x.png */,
				18262635176EB0C3002C1927 /* Default-568h@2x.png */,
			);
			name = "Supporting Files";
			sourceTree = "<group>";
		};
/* End PBXGroup section */

/* Begin PBXNativeTarget section */
		1826261A176EB0C3002C1927 /* Demo3_GR_Rotation */ = {
			isa = PBXNativeTarget;
			buildConfigurationList = 1826263F176EB0C3002C1927 /* Build configuration list for PBXNativeTarget "Demo3_GR_Rotation" */;
			buildPhases = (
				18262617176EB0C3002C1927 /* Sources */,
				18262618176EB0C3002C1927 /* Frameworks */,
				18262619176EB0C3002C1927 /* Resources */,
			);
			buildRules = (
			);
			dependencies = (
			);
			name = Demo3_GR_Rotation;
			productName = Demo3_GR_Rotation;
			productReference = 1826261B176EB0C3002C1927 /* Demo3_GR_Rotation.app */;
			productType = "com.apple.product-type.application";
		};
/* End PBXNativeTarget section */

/* Begin PBXProject section */
		18262612176EB0C3002C1927 /* Project object */ = {
			isa = PBXProject;
			attributes = {
				CLASSPREFIX = TR;
				LastUpgradeCheck = 0450;
				ORGANIZATIONNAME = tarena;
			};
			buildConfigurationList = 18262615176EB0C3002C1927 /* Build configuration list for PBXProject "Demo3_GR_Rotation" */;
			compatibilityVersion = "Xcode 3.2";
			developmentRegion = English;
			hasScannedForEncodings = 0;
			knownRegions = (
				en,
			);
			mainGroup = 18262610176EB0C3002C1927;
			productRefGroup = 1826261C176EB0C3002C1927 /* Products */;
			projectDirPath = "";
			projectRoot = "";
			targets = (
				1826261A176EB0C3002C1927 /* Demo3_GR_Rotation */,
			);
		};
/* End PBXProject section */

/* Begin PBXResourcesBuildPhase section */
		18262619176EB0C3002C1927 /* Resources */ = {
			isa = PBXResourcesBuildPhase;
			buildActionMask = 2147483647;
			files = (
				1826262A176EB0C3002C1927 /* InfoPlist.strings in Resources */,
				18262632176EB0C3002C1927 /* Default.png in Resources */,
				18262634176EB0C3002C1927 /* Default@2x.png in Resources */,
				18262636176EB0C3002C1927 /* Default-568h@2x.png in Resources */,
				1826263C176EB0C3002C1927 /* TRViewController.xib in Resources */,
				18262643176EB564002C1927 /* Elephant@2x.jpg in Resources */,
			);
			runOnlyForDeploymentPostprocessing = 0;
		};
/* End PBXResourcesBuildPhase section */

/* Begin PBXSourcesBuildPhase section */
		18262617176EB0C3002C1927 /* Sources */ = {
			isa = PBXSourcesBuildPhase;
			buildActionMask = 2147483647;
			files = (
				1826262C176EB0C3002C1927 /* main.m in Sources */,
				18262630176EB0C3002C1927 /* TRAppDelegate.m in Sources */,
				18262639176EB0C3002C1927 /* TRViewController.m in Sources */,
			);
			runOnlyForDeploymentPostprocessing = 0;
		};
/* End PBXSourcesBuildPhase section */

/* Begin PBXVariantGroup section */
		18262628176EB0C3002C1927 /* InfoPlist.strings */ = {
			isa = PBXVariantGroup;
			children = (
				18262629176EB0C3002C1927 /* en */,
			);
			name = InfoPlist.strings;
			sourceTree = "<group>";
		};
		1826263A176EB0C3002C1927 /* TRViewController.xib */ = {
			isa = PBXVariantGroup;
			children = (
				1826263B176EB0C3002C1927 /* en */,
			);
			name = TRViewController.xib;
			sourceTree = "<group>";
		};
/* End PBXVariantGroup section */

/* Begin XCBuildConfiguration section */
		1826263D176EB0C3002C1927 /* Debug */ = {
			isa = XCBuildConfiguration;
			buildSettings = {
				ALWAYS_SEARCH_USER_PATHS = NO;
				CLANG_CXX_LANGUAGE_STANDARD = "gnu++0x";
				CLANG_CXX_LIBRARY = "libc++";
				CLANG_ENABLE_OBJC_ARC = YES;
				CLANG_WARN_EMPTY_BODY = YES;
				CLANG_WARN__DUPLICATE_METHOD_MATCH = YES;
				"CODE_SIGN_IDENTITY[sdk=iphoneos*]" = "iPhone Developer";
				COPY_PHASE_STRIP = NO;
				GCC_C_LANGUAGE_STANDARD = gnu99;
				GCC_DYNAMIC_NO_PIC = NO;
				GCC_OPTIMIZATION_LEVEL = 0;
				GCC_PREPROCESSOR_DEFINITIONS = (
					"DEBUG=1",
					"$(inherited)",
				);
				GCC_SYMBOLS_PRIVATE_EXTERN = NO;
				GCC_WARN_ABOUT_RETURN_TYPE = YES;
				GCC_WARN_UNINITIALIZED_AUTOS = YES;
				GCC_WARN_UNUSED_VARIABLE = YES;
				IPHONEOS_DEPLOYMENT_TARGET = 6.0;
				ONLY_ACTIVE_ARCH = YES;
				SDKROOT = iphoneos;
			};
			name = Debug;
		};
		1826263E176EB0C3002C1927 /* Release */ = {
			isa = XCBuildConfiguration;
			buildSettings = {
				ALWAYS_SEARCH_USER_PATHS = NO;
				CLANG_CXX_LANGUAGE_STANDARD = "gnu++0x";
				CLANG_CXX_LIBRARY = "libc++";
				CLANG_ENABLE_OBJC_ARC = YES;
				CLANG_WARN_EMPTY_BODY = YES;
				CLANG_WARN__DUPLICATE_METHOD_MATCH = YES;
				"CODE_SIGN_IDENTITY[sdk=iphoneos*]" = "iPhone Developer";
				COPY_PHASE_STRIP = YES;
				GCC_C_LANGUAGE_STANDARD = gnu99;
				GCC_WARN_ABOUT_RETURN_TYPE = YES;
				GCC_WARN_UNINITIALIZED_AUTOS = YES;
				GCC_WARN_UNUSED_VARIABLE = YES;
				IPHONEOS_DEPLOYMENT_TARGET = 6.0;
				OTHER_CFLAGS = "-DNS_BLOCK_ASSERTIONS=1";
				SDKROOT = iphoneos;
				VALIDATE_PRODUCT = YES;
			};
			name = Release;
		};
		18262640176EB0C3002C1927 /* Debug */ = {
			isa = XCBuildConfiguration;
			buildSettings = {
				GCC_PRECOMPILE_PREFIX_HEADER = YES;
				GCC_PREFIX_HEADER = "Demo3_GR_Rotation/Demo3_GR_Rotation-Prefix.pch";
				INFOPLIST_FILE = "Demo3_GR_Rotation/Demo3_GR_Rotation-Info.plist";
				PRODUCT_NAME = "$(TARGET_NAME)";
				WRAPPER_EXTENSION = app;
			};
			name = Debug;
		};
		18262641176EB0C3002C1927 /* Release */ = {
			isa = XCBuildConfiguration;
			buildSettings = {
				GCC_PRECOMPILE_PREFIX_HEADER = YES;
				GCC_PREFIX_HEADER = "Demo3_GR_Rotation/Demo3_GR_Rotation-Prefix.pch";
				INFOPLIST_FILE = "Demo3_GR_Rotation/Demo3_GR_Rotation-Info.plist";
				PRODUCT_NAME = "$(TARGET_NAME)";
				WRAPPER_EXTENSION = app;
			};
			name = Release;
		};
/* End XCBuildConfiguration section */

/* Begin XCConfigurationList section */
		18262615176EB0C3002C1927 /* Build configuration list for PBXProject "Demo3_GR_Rotation" */ = {
			isa = XCConfigurationList;
			buildConfigurations = (
				1826263D176EB0C3002C1927 /* Debug */,
				1826263E176EB0C3002C1927 /* Release */,
			);
			defaultConfigurationIsVisible = 0;
			defaultConfigurationName = Release;
		};
		1826263F176EB0C3002C1927 /* Build configuration list for PBXNativeTarget "Demo3_GR_Rotation" */ = {
			isa = XCConfigurationList;
			buildConfigurations = (
				18262640176EB0C3002C1927 /* Debug */,
				18262641176EB0C3002C1927 /* Release */,
			);
			defaultConfigurationIsVisible = 0;
		};
/* End XCConfigurationList section */
	};
	rootObject = 18262612176EB0C3002C1927 /* Project object */;
}
