// !$*UTF8*$!
{
	archiveVersion = 1;
	classes = {
	};
	objectVersion = 46;
	objects = {

/* Begin PBXBuildFile section */
		1888ADCB17696939006440F2 /* UIKit.framework in Frameworks */ = {isa = PBXBuildFile; fileRef = 1888ADCA17696939006440F2 /* UIKit.framework */; };
		1888ADCD17696939006440F2 /* Foundation.framework in Frameworks */ = {isa = PBXBuildFile; fileRef = 1888ADCC17696939006440F2 /* Foundation.framework */; };
		1888ADCF17696939006440F2 /* CoreGraphics.framework in Frameworks */ = {isa = PBXBuildFile; fileRef = 1888ADCE17696939006440F2 /* CoreGraphics.framework */; };
		1888ADD517696939006440F2 /* InfoPlist.strings in Resources */ = {isa = PBXBuildFile; fileRef = 1888ADD317696939006440F2 /* InfoPlist.strings */; };
		1888ADD717696939006440F2 /* main.m in Sources */ = {isa = PBXBuildFile; fileRef = 1888ADD617696939006440F2 /* main.m */; };
		1888ADDB17696939006440F2 /* TRAppDelegate.m in Sources */ = {isa = PBXBuildFile; fileRef = 1888ADDA17696939006440F2 /* TRAppDelegate.m */; };
		1888ADDD17696939006440F2 /* Default.png in Resources */ = {isa = PBXBuildFile; fileRef = 1888ADDC17696939006440F2 /* Default.png */; };
		1888ADDF17696939006440F2 /* Default@2x.png in Resources */ = {isa = PBXBuildFile; fileRef = 1888ADDE17696939006440F2 /* Default@2x.png */; };
		1888ADE117696939006440F2 /* Default-568h@2x.png in Resources */ = {isa = PBXBuildFile; fileRef = 1888ADE017696939006440F2 /* Default-568h@2x.png */; };
		1888ADF017696952006440F2 /* TRAreaViewController.m in Sources */ = {isa = PBXBuildFile; fileRef = 1888ADEE17696952006440F2 /* TRAreaViewController.m */; };
		1888ADF117696952006440F2 /* TRAreaViewController.xib in Resources */ = {isa = PBXBuildFile; fileRef = 1888ADEF17696952006440F2 /* TRAreaViewController.xib */; };
		1888ADF4176969FF006440F2 /* TRArea.m in Sources */ = {isa = PBXBuildFile; fileRef = 1888ADF3176969FF006440F2 /* TRArea.m */; };
/* End PBXBuildFile section */

/* Begin PBXFileReference section */
		1888ADC617696939006440F2 /* Demo2_Area.app */ = {isa = PBXFileReference; explicitFileType = wrapper.application; includeInIndex = 0; path = Demo2_Area.app; sourceTree = BUILT_PRODUCTS_DIR; };
		1888ADCA17696939006440F2 /* UIKit.framework */ = {isa = PBXFileReference; lastKnownFileType = wrapper.framework; name = UIKit.framework; path = System/Library/Frameworks/UIKit.framework; sourceTree = SDKROOT; };
		1888ADCC17696939006440F2 /* Foundation.framework */ = {isa = PBXFileReference; lastKnownFileType = wrapper.framework; name = Foundation.framework; path = System/Library/Frameworks/Foundation.framework; sourceTree = SDKROOT; };
		1888ADCE17696939006440F2 /* CoreGraphics.framework */ = {isa = PBXFileReference; lastKnownFileType = wrapper.framework; name = CoreGraphics.framework; path = System/Library/Frameworks/CoreGraphics.framework; sourceTree = SDKROOT; };
		1888ADD217696939006440F2 /* Demo2_Area-Info.plist */ = {isa = PBXFileReference; lastKnownFileType = text.plist.xml; path = "Demo2_Area-Info.plist"; sourceTree = "<group>"; };
		1888ADD417696939006440F2 /* en */ = {isa = PBXFileReference; lastKnownFileType = text.plist.strings; name = en; path = en.lproj/InfoPlist.strings; sourceTree = "<group>"; };
		1888ADD617696939006440F2 /* main.m */ = {isa = PBXFileReference; lastKnownFileType = sourcecode.c.objc; path = main.m; sourceTree = "<group>"; };
		1888ADD817696939006440F2 /* Demo2_Area-Prefix.pch */ = {isa = PBXFileReference; lastKnownFileType = sourcecode.c.h; path = "Demo2_Area-Prefix.pch"; sourceTree = "<group>"; };
		1888ADD917696939006440F2 /* TRAppDelegate.h */ = {isa = PBXFileReference; lastKnownFileType = sourcecode.c.h; path = TRAppDelegate.h; sourceTree = "<group>"; };
		1888ADDA17696939006440F2 /* TRAppDelegate.m */ = {isa = PBXFileReference; lastKnownFileType = sourcecode.c.objc; path = TRAppDelegate.m; sourceTree = "<group>"; };
		1888ADDC17696939006440F2 /* Default.png */ = {isa = PBXFileReference; lastKnownFileType = image.png; path = Default.png; sourceTree = "<group>"; };
		1888ADDE17696939006440F2 /* Default@2x.png */ = {isa = PBXFileReference; lastKnownFileType = image.png; path = "Default@2x.png"; sourceTree = "<group>"; };
		1888ADE017696939006440F2 /* Default-568h@2x.png */ = {isa = PBXFileReference; lastKnownFileType = image.png; path = "Default-568h@2x.png"; sourceTree = "<group>"; };
		1888ADED17696952006440F2 /* TRAreaViewController.h */ = {isa = PBXFileReference; fileEncoding = 4; lastKnownFileType = sourcecode.c.h; path = TRAreaViewController.h; sourceTree = "<group>"; };
		1888ADEE17696952006440F2 /* TRAreaViewController.m */ = {isa = PBXFileReference; fileEncoding = 4; lastKnownFileType = sourcecode.c.objc; path = TRAreaViewController.m; sourceTree = "<group>"; };
		1888ADEF17696952006440F2 /* TRAreaViewController.xib */ = {isa = PBXFileReference; fileEncoding = 4; lastKnownFileType = file.xib; path = TRAreaViewController.xib; sourceTree = "<group>"; };
		1888ADF2176969FF006440F2 /* TRArea.h */ = {isa = PBXFileReference; fileEncoding = 4; lastKnownFileType = sourcecode.c.h; path = TRArea.h; sourceTree = "<group>"; };
		1888ADF3176969FF006440F2 /* TRArea.m */ = {isa = PBXFileReference; fileEncoding = 4; lastKnownFileType = sourcecode.c.objc; path = TRArea.m; sourceTree = "<group>"; };
/* End PBXFileReference section */

/* Begin PBXFrameworksBuildPhase section */
		1888ADC317696939006440F2 /* Frameworks */ = {
			isa = PBXFrameworksBuildPhase;
			buildActionMask = 2147483647;
			files = (
				1888ADCB17696939006440F2 /* UIKit.framework in Frameworks */,
				1888ADCD17696939006440F2 /* Foundation.framework in Frameworks */,
				1888ADCF17696939006440F2 /* CoreGraphics.framework in Frameworks */,
			);
			runOnlyForDeploymentPostprocessing = 0;
		};
/* End PBXFrameworksBuildPhase section */

/* Begin PBXGroup section */
		1888ADBB17696939006440F2 = {
			isa = PBXGroup;
			children = (
				1888ADD017696939006440F2 /* Demo2_Area */,
				1888ADC917696939006440F2 /* Frameworks */,
				1888ADC717696939006440F2 /* Products */,
			);
			sourceTree = "<group>";
		};
		1888ADC717696939006440F2 /* Products */ = {
			isa = PBXGroup;
			children = (
				1888ADC617696939006440F2 /* Demo2_Area.app */,
			);
			name = Products;
			sourceTree = "<group>";
		};
		1888ADC917696939006440F2 /* Frameworks */ = {
			isa = PBXGroup;
			children = (
				1888ADCA17696939006440F2 /* UIKit.framework */,
				1888ADCC17696939006440F2 /* Foundation.framework */,
				1888ADCE17696939006440F2 /* CoreGraphics.framework */,
			);
			name = Frameworks;
			sourceTree = "<group>";
		};
		1888ADD017696939006440F2 /* Demo2_Area */ = {
			isa = PBXGroup;
			children = (
				1888ADD917696939006440F2 /* TRAppDelegate.h */,
				1888ADDA17696939006440F2 /* TRAppDelegate.m */,
				1888ADF2176969FF006440F2 /* TRArea.h */,
				1888ADF3176969FF006440F2 /* TRArea.m */,
				1888ADED17696952006440F2 /* TRAreaViewController.h */,
				1888ADEE17696952006440F2 /* TRAreaViewController.m */,
				1888ADEF17696952006440F2 /* TRAreaViewController.xib */,
				1888ADD117696939006440F2 /* Supporting Files */,
			);
			path = Demo2_Area;
			sourceTree = "<group>";
		};
		1888ADD117696939006440F2 /* Supporting Files */ = {
			isa = PBXGroup;
			children = (
				1888ADD217696939006440F2 /* Demo2_Area-Info.plist */,
				1888ADD317696939006440F2 /* InfoPlist.strings */,
				1888ADD617696939006440F2 /* main.m */,
				1888ADD817696939006440F2 /* Demo2_Area-Prefix.pch */,
				1888ADDC17696939006440F2 /* Default.png */,
				1888ADDE17696939006440F2 /* Default@2x.png */,
				1888ADE017696939006440F2 /* Default-568h@2x.png */,
			);
			name = "Supporting Files";
			sourceTree = "<group>";
		};
/* End PBXGroup section */

/* Begin PBXNativeTarget section */
		1888ADC517696939006440F2 /* Demo2_Area */ = {
			isa = PBXNativeTarget;
			buildConfigurationList = 1888ADEA17696939006440F2 /* Build configuration list for PBXNativeTarget "Demo2_Area" */;
			buildPhases = (
				1888ADC217696939006440F2 /* Sources */,
				1888ADC317696939006440F2 /* Frameworks */,
				1888ADC417696939006440F2 /* Resources */,
			);
			buildRules = (
			);
			dependencies = (
			);
			name = Demo2_Area;
			productName = Demo2_Area;
			productReference = 1888ADC617696939006440F2 /* Demo2_Area.app */;
			productType = "com.apple.product-type.application";
		};
/* End PBXNativeTarget section */

/* Begin PBXProject section */
		1888ADBD17696939006440F2 /* Project object */ = {
			isa = PBXProject;
			attributes = {
				CLASSPREFIX = TR;
				LastUpgradeCheck = 0450;
				ORGANIZATIONNAME = tarena;
			};
			buildConfigurationList = 1888ADC017696939006440F2 /* Build configuration list for PBXProject "Demo2_Area" */;
			compatibilityVersion = "Xcode 3.2";
			developmentRegion = English;
			hasScannedForEncodings = 0;
			knownRegions = (
				en,
			);
			mainGroup = 1888ADBB17696939006440F2;
			productRefGroup = 1888ADC717696939006440F2 /* Products */;
			projectDirPath = "";
			projectRoot = "";
			targets = (
				1888ADC517696939006440F2 /* Demo2_Area */,
			);
		};
/* End PBXProject section */

/* Begin PBXResourcesBuildPhase section */
		1888ADC417696939006440F2 /* Resources */ = {
			isa = PBXResourcesBuildPhase;
			buildActionMask = 2147483647;
			files = (
				1888ADD517696939006440F2 /* InfoPlist.strings in Resources */,
				1888ADDD17696939006440F2 /* Default.png in Resources */,
				1888ADDF17696939006440F2 /* Default@2x.png in Resources */,
				1888ADE117696939006440F2 /* Default-568h@2x.png in Resources */,
				1888ADF117696952006440F2 /* TRAreaViewController.xib in Resources */,
			);
			runOnlyForDeploymentPostprocessing = 0;
		};
/* End PBXResourcesBuildPhase section */

/* Begin PBXSourcesBuildPhase section */
		1888ADC217696939006440F2 /* Sources */ = {
			isa = PBXSourcesBuildPhase;
			buildActionMask = 2147483647;
			files = (
				1888ADD717696939006440F2 /* main.m in Sources */,
				1888ADDB17696939006440F2 /* TRAppDelegate.m in Sources */,
				1888ADF017696952006440F2 /* TRAreaViewController.m in Sources */,
				1888ADF4176969FF006440F2 /* TRArea.m in Sources */,
			);
			runOnlyForDeploymentPostprocessing = 0;
		};
/* End PBXSourcesBuildPhase section */

/* Begin PBXVariantGroup section */
		1888ADD317696939006440F2 /* InfoPlist.strings */ = {
			isa = PBXVariantGroup;
			children = (
				1888ADD417696939006440F2 /* en */,
			);
			name = InfoPlist.strings;
			sourceTree = "<group>";
		};
/* End PBXVariantGroup section */

/* Begin XCBuildConfiguration section */
		1888ADE817696939006440F2 /* Debug */ = {
			isa = XCBuildConfiguration;
			buildSettings = {
				ALWAYS_SEARCH_USER_PATHS = NO;
				CLANG_CXX_LANGUAGE_STANDARD = "gnu++0x";
				CLANG_CXX_LIBRARY = "libc++";
				CLANG_WARN_EMPTY_BODY = YES;
				CLANG_WARN__DUPLICATE_METHOD_MATCH = YES;
				"CODE_SIGN_IDENTITY[sdk=iphoneos*]" = "iPhone Developer";
				COPY_PHASE_STRIP = NO;
				GCC_C_LANGUAGE_STANDARD = gnu99;
				GCC_DYNAMIC_NO_PIC = NO;
				GCC_OPTIMIZATION_LEVEL = 0;
				GCC_PREPROCESSOR_DEFINITIONS = (
					"DEBUG=1",
					"$(inherited)",
				);
				GCC_SYMBOLS_PRIVATE_EXTERN = NO;
				GCC_WARN_ABOUT_RETURN_TYPE = YES;
				GCC_WARN_UNINITIALIZED_AUTOS = YES;
				GCC_WARN_UNUSED_VARIABLE = YES;
				IPHONEOS_DEPLOYMENT_TARGET = 6.0;
				ONLY_ACTIVE_ARCH = YES;
				SDKROOT = iphoneos;
			};
			name = Debug;
		};
		1888ADE917696939006440F2 /* Release */ = {
			isa = XCBuildConfiguration;
			buildSettings = {
				ALWAYS_SEARCH_USER_PATHS = NO;
				CLANG_CXX_LANGUAGE_STANDARD = "gnu++0x";
				CLANG_CXX_LIBRARY = "libc++";
				CLANG_WARN_EMPTY_BODY = YES;
				CLANG_WARN__DUPLICATE_METHOD_MATCH = YES;
				"CODE_SIGN_IDENTITY[sdk=iphoneos*]" = "iPhone Developer";
				COPY_PHASE_STRIP = YES;
				GCC_C_LANGUAGE_STANDARD = gnu99;
				GCC_WARN_ABOUT_RETURN_TYPE = YES;
				GCC_WARN_UNINITIALIZED_AUTOS = YES;
				GCC_WARN_UNUSED_VARIABLE = YES;
				IPHONEOS_DEPLOYMENT_TARGET = 6.0;
				OTHER_CFLAGS = "-DNS_BLOCK_ASSERTIONS=1";
				SDKROOT = iphoneos;
				VALIDATE_PRODUCT = YES;
			};
			name = Release;
		};
		1888ADEB17696939006440F2 /* Debug */ = {
			isa = XCBuildConfiguration;
			buildSettings = {
				GCC_PRECOMPILE_PREFIX_HEADER = YES;
				GCC_PREFIX_HEADER = "Demo2_Area/Demo2_Area-Prefix.pch";
				INFOPLIST_FILE = "Demo2_Area/Demo2_Area-Info.plist";
				PRODUCT_NAME = "$(TARGET_NAME)";
				WRAPPER_EXTENSION = app;
			};
			name = Debug;
		};
		1888ADEC17696939006440F2 /* Release */ = {
			isa = XCBuildConfiguration;
			buildSettings = {
				GCC_PRECOMPILE_PREFIX_HEADER = YES;
				GCC_PREFIX_HEADER = "Demo2_Area/Demo2_Area-Prefix.pch";
				INFOPLIST_FILE = "Demo2_Area/Demo2_Area-Info.plist";
				PRODUCT_NAME = "$(TARGET_NAME)";
				WRAPPER_EXTENSION = app;
			};
			name = Release;
		};
/* End XCBuildConfiguration section */

/* Begin XCConfigurationList section */
		1888ADC017696939006440F2 /* Build configuration list for PBXProject "Demo2_Area" */ = {
			isa = XCConfigurationList;
			buildConfigurations = (
				1888ADE817696939006440F2 /* Debug */,
				1888ADE917696939006440F2 /* Release */,
			);
			defaultConfigurationIsVisible = 0;
			defaultConfigurationName = Release;
		};
		1888ADEA17696939006440F2 /* Build configuration list for PBXNativeTarget "Demo2_Area" */ = {
			isa = XCConfigurationList;
			buildConfigurations = (
				1888ADEB17696939006440F2 /* Debug */,
				1888ADEC17696939006440F2 /* Release */,
			);
			defaultConfigurationIsVisible = 0;
		};
/* End XCConfigurationList section */
	};
	rootObject = 1888ADBD17696939006440F2 /* Project object */;
}
