// !$*UTF8*$!
{
	archiveVersion = 1;
	classes = {
	};
	objectVersion = 46;
	objects = {

/* Begin PBXBuildFile section */
		182510E3176B0CA0007F7A0C /* UIKit.framework in Frameworks */ = {isa = PBXBuildFile; fileRef = 182510E2176B0CA0007F7A0C /* UIKit.framework */; };
		182510E5176B0CA0007F7A0C /* Foundation.framework in Frameworks */ = {isa = PBXBuildFile; fileRef = 182510E4176B0CA0007F7A0C /* Foundation.framework */; };
		182510E7176B0CA0007F7A0C /* CoreGraphics.framework in Frameworks */ = {isa = PBXBuildFile; fileRef = 182510E6176B0CA0007F7A0C /* CoreGraphics.framework */; };
		182510ED176B0CA0007F7A0C /* InfoPlist.strings in Resources */ = {isa = PBXBuildFile; fileRef = 182510EB176B0CA0007F7A0C /* InfoPlist.strings */; };
		182510EF176B0CA0007F7A0C /* main.m in Sources */ = {isa = PBXBuildFile; fileRef = 182510EE176B0CA0007F7A0C /* main.m */; };
		182510F3176B0CA0007F7A0C /* TRAppDelegate.m in Sources */ = {isa = PBXBuildFile; fileRef = 182510F2176B0CA0007F7A0C /* TRAppDelegate.m */; };
		182510F5176B0CA0007F7A0C /* Default.png in Resources */ = {isa = PBXBuildFile; fileRef = 182510F4176B0CA0007F7A0C /* Default.png */; };
		182510F7176B0CA0007F7A0C /* Default@2x.png in Resources */ = {isa = PBXBuildFile; fileRef = 182510F6176B0CA0007F7A0C /* Default@2x.png */; };
		182510F9176B0CA0007F7A0C /* Default-568h@2x.png in Resources */ = {isa = PBXBuildFile; fileRef = 182510F8176B0CA0007F7A0C /* Default-568h@2x.png */; };
		182510FC176B0CA0007F7A0C /* TRFirstViewController.m in Sources */ = {isa = PBXBuildFile; fileRef = 182510FB176B0CA0007F7A0C /* TRFirstViewController.m */; };
		182510FE176B0CA0007F7A0C /* first.png in Resources */ = {isa = PBXBuildFile; fileRef = 182510FD176B0CA0007F7A0C /* first.png */; };
		18251100176B0CA0007F7A0C /* first@2x.png in Resources */ = {isa = PBXBuildFile; fileRef = 182510FF176B0CA0007F7A0C /* first@2x.png */; };
		18251103176B0CA0007F7A0C /* TRSecondViewController.m in Sources */ = {isa = PBXBuildFile; fileRef = 18251102176B0CA0007F7A0C /* TRSecondViewController.m */; };
		18251105176B0CA0007F7A0C /* second.png in Resources */ = {isa = PBXBuildFile; fileRef = 18251104176B0CA0007F7A0C /* second.png */; };
		18251107176B0CA0007F7A0C /* second@2x.png in Resources */ = {isa = PBXBuildFile; fileRef = 18251106176B0CA0007F7A0C /* second@2x.png */; };
		1825110A176B0CA0007F7A0C /* TRFirstViewController.xib in Resources */ = {isa = PBXBuildFile; fileRef = 18251108176B0CA0007F7A0C /* TRFirstViewController.xib */; };
		1825110D176B0CA0007F7A0C /* TRSecondViewController.xib in Resources */ = {isa = PBXBuildFile; fileRef = 1825110B176B0CA0007F7A0C /* TRSecondViewController.xib */; };
/* End PBXBuildFile section */

/* Begin PBXFileReference section */
		182510DE176B0CA0007F7A0C /* Demo5_Tab.app */ = {isa = PBXFileReference; explicitFileType = wrapper.application; includeInIndex = 0; path = Demo5_Tab.app; sourceTree = BUILT_PRODUCTS_DIR; };
		182510E2176B0CA0007F7A0C /* UIKit.framework */ = {isa = PBXFileReference; lastKnownFileType = wrapper.framework; name = UIKit.framework; path = System/Library/Frameworks/UIKit.framework; sourceTree = SDKROOT; };
		182510E4176B0CA0007F7A0C /* Foundation.framework */ = {isa = PBXFileReference; lastKnownFileType = wrapper.framework; name = Foundation.framework; path = System/Library/Frameworks/Foundation.framework; sourceTree = SDKROOT; };
		182510E6176B0CA0007F7A0C /* CoreGraphics.framework */ = {isa = PBXFileReference; lastKnownFileType = wrapper.framework; name = CoreGraphics.framework; path = System/Library/Frameworks/CoreGraphics.framework; sourceTree = SDKROOT; };
		182510EA176B0CA0007F7A0C /* Demo5_Tab-Info.plist */ = {isa = PBXFileReference; lastKnownFileType = text.plist.xml; path = "Demo5_Tab-Info.plist"; sourceTree = "<group>"; };
		182510EC176B0CA0007F7A0C /* en */ = {isa = PBXFileReference; lastKnownFileType = text.plist.strings; name = en; path = en.lproj/InfoPlist.strings; sourceTree = "<group>"; };
		182510EE176B0CA0007F7A0C /* main.m */ = {isa = PBXFileReference; lastKnownFileType = sourcecode.c.objc; path = main.m; sourceTree = "<group>"; };
		182510F0176B0CA0007F7A0C /* Demo5_Tab-Prefix.pch */ = {isa = PBXFileReference; lastKnownFileType = sourcecode.c.h; path = "Demo5_Tab-Prefix.pch"; sourceTree = "<group>"; };
		182510F1176B0CA0007F7A0C /* TRAppDelegate.h */ = {isa = PBXFileReference; lastKnownFileType = sourcecode.c.h; path = TRAppDelegate.h; sourceTree = "<group>"; };
		182510F2176B0CA0007F7A0C /* TRAppDelegate.m */ = {isa = PBXFileReference; lastKnownFileType = sourcecode.c.objc; path = TRAppDelegate.m; sourceTree = "<group>"; };
		182510F4176B0CA0007F7A0C /* Default.png */ = {isa = PBXFileReference; lastKnownFileType = image.png; path = Default.png; sourceTree = "<group>"; };
		182510F6176B0CA0007F7A0C /* Default@2x.png */ = {isa = PBXFileReference; lastKnownFileType = image.png; path = "Default@2x.png"; sourceTree = "<group>"; };
		182510F8176B0CA0007F7A0C /* Default-568h@2x.png */ = {isa = PBXFileReference; lastKnownFileType = image.png; path = "Default-568h@2x.png"; sourceTree = "<group>"; };
		182510FA176B0CA0007F7A0C /* TRFirstViewController.h */ = {isa = PBXFileReference; lastKnownFileType = sourcecode.c.h; path = TRFirstViewController.h; sourceTree = "<group>"; };
		182510FB176B0CA0007F7A0C /* TRFirstViewController.m */ = {isa = PBXFileReference; lastKnownFileType = sourcecode.c.objc; path = TRFirstViewController.m; sourceTree = "<group>"; };
		182510FD176B0CA0007F7A0C /* first.png */ = {isa = PBXFileReference; lastKnownFileType = image.png; path = first.png; sourceTree = "<group>"; };
		182510FF176B0CA0007F7A0C /* first@2x.png */ = {isa = PBXFileReference; lastKnownFileType = image.png; path = "first@2x.png"; sourceTree = "<group>"; };
		18251101176B0CA0007F7A0C /* TRSecondViewController.h */ = {isa = PBXFileReference; lastKnownFileType = sourcecode.c.h; path = TRSecondViewController.h; sourceTree = "<group>"; };
		18251102176B0CA0007F7A0C /* TRSecondViewController.m */ = {isa = PBXFileReference; lastKnownFileType = sourcecode.c.objc; path = TRSecondViewController.m; sourceTree = "<group>"; };
		18251104176B0CA0007F7A0C /* second.png */ = {isa = PBXFileReference; lastKnownFileType = image.png; path = second.png; sourceTree = "<group>"; };
		18251106176B0CA0007F7A0C /* second@2x.png */ = {isa = PBXFileReference; lastKnownFileType = image.png; path = "second@2x.png"; sourceTree = "<group>"; };
		18251109176B0CA0007F7A0C /* en */ = {isa = PBXFileReference; lastKnownFileType = file.xib; name = en; path = en.lproj/TRFirstViewController.xib; sourceTree = "<group>"; };
		1825110C176B0CA0007F7A0C /* en */ = {isa = PBXFileReference; lastKnownFileType = file.xib; name = en; path = en.lproj/TRSecondViewController.xib; sourceTree = "<group>"; };
/* End PBXFileReference section */

/* Begin PBXFrameworksBuildPhase section */
		182510DB176B0CA0007F7A0C /* Frameworks */ = {
			isa = PBXFrameworksBuildPhase;
			buildActionMask = 2147483647;
			files = (
				182510E3176B0CA0007F7A0C /* UIKit.framework in Frameworks */,
				182510E5176B0CA0007F7A0C /* Foundation.framework in Frameworks */,
				182510E7176B0CA0007F7A0C /* CoreGraphics.framework in Frameworks */,
			);
			runOnlyForDeploymentPostprocessing = 0;
		};
/* End PBXFrameworksBuildPhase section */

/* Begin PBXGroup section */
		182510D3176B0CA0007F7A0C = {
			isa = PBXGroup;
			children = (
				182510E8176B0CA0007F7A0C /* Demo5_Tab */,
				182510E1176B0CA0007F7A0C /* Frameworks */,
				182510DF176B0CA0007F7A0C /* Products */,
			);
			sourceTree = "<group>";
		};
		182510DF176B0CA0007F7A0C /* Products */ = {
			isa = PBXGroup;
			children = (
				182510DE176B0CA0007F7A0C /* Demo5_Tab.app */,
			);
			name = Products;
			sourceTree = "<group>";
		};
		182510E1176B0CA0007F7A0C /* Frameworks */ = {
			isa = PBXGroup;
			children = (
				182510E2176B0CA0007F7A0C /* UIKit.framework */,
				182510E4176B0CA0007F7A0C /* Foundation.framework */,
				182510E6176B0CA0007F7A0C /* CoreGraphics.framework */,
			);
			name = Frameworks;
			sourceTree = "<group>";
		};
		182510E8176B0CA0007F7A0C /* Demo5_Tab */ = {
			isa = PBXGroup;
			children = (
				182510F1176B0CA0007F7A0C /* TRAppDelegate.h */,
				182510F2176B0CA0007F7A0C /* TRAppDelegate.m */,
				182510FA176B0CA0007F7A0C /* TRFirstViewController.h */,
				182510FB176B0CA0007F7A0C /* TRFirstViewController.m */,
				182510FD176B0CA0007F7A0C /* first.png */,
				182510FF176B0CA0007F7A0C /* first@2x.png */,
				18251101176B0CA0007F7A0C /* TRSecondViewController.h */,
				18251102176B0CA0007F7A0C /* TRSecondViewController.m */,
				18251104176B0CA0007F7A0C /* second.png */,
				18251106176B0CA0007F7A0C /* second@2x.png */,
				18251108176B0CA0007F7A0C /* TRFirstViewController.xib */,
				1825110B176B0CA0007F7A0C /* TRSecondViewController.xib */,
				182510E9176B0CA0007F7A0C /* Supporting Files */,
			);
			path = Demo5_Tab;
			sourceTree = "<group>";
		};
		182510E9176B0CA0007F7A0C /* Supporting Files */ = {
			isa = PBXGroup;
			children = (
				182510EA176B0CA0007F7A0C /* Demo5_Tab-Info.plist */,
				182510EB176B0CA0007F7A0C /* InfoPlist.strings */,
				182510EE176B0CA0007F7A0C /* main.m */,
				182510F0176B0CA0007F7A0C /* Demo5_Tab-Prefix.pch */,
				182510F4176B0CA0007F7A0C /* Default.png */,
				182510F6176B0CA0007F7A0C /* Default@2x.png */,
				182510F8176B0CA0007F7A0C /* Default-568h@2x.png */,
			);
			name = "Supporting Files";
			sourceTree = "<group>";
		};
/* End PBXGroup section */

/* Begin PBXNativeTarget section */
		182510DD176B0CA0007F7A0C /* Demo5_Tab */ = {
			isa = PBXNativeTarget;
			buildConfigurationList = 18251110176B0CA0007F7A0C /* Build configuration list for PBXNativeTarget "Demo5_Tab" */;
			buildPhases = (
				182510DA176B0CA0007F7A0C /* Sources */,
				182510DB176B0CA0007F7A0C /* Frameworks */,
				182510DC176B0CA0007F7A0C /* Resources */,
			);
			buildRules = (
			);
			dependencies = (
			);
			name = Demo5_Tab;
			productName = Demo5_Tab;
			productReference = 182510DE176B0CA0007F7A0C /* Demo5_Tab.app */;
			productType = "com.apple.product-type.application";
		};
/* End PBXNativeTarget section */

/* Begin PBXProject section */
		182510D5176B0CA0007F7A0C /* Project object */ = {
			isa = PBXProject;
			attributes = {
				CLASSPREFIX = TR;
				LastUpgradeCheck = 0450;
				ORGANIZATIONNAME = tarena;
			};
			buildConfigurationList = 182510D8176B0CA0007F7A0C /* Build configuration list for PBXProject "Demo5_Tab" */;
			compatibilityVersion = "Xcode 3.2";
			developmentRegion = English;
			hasScannedForEncodings = 0;
			knownRegions = (
				en,
			);
			mainGroup = 182510D3176B0CA0007F7A0C;
			productRefGroup = 182510DF176B0CA0007F7A0C /* Products */;
			projectDirPath = "";
			projectRoot = "";
			targets = (
				182510DD176B0CA0007F7A0C /* Demo5_Tab */,
			);
		};
/* End PBXProject section */

/* Begin PBXResourcesBuildPhase section */
		182510DC176B0CA0007F7A0C /* Resources */ = {
			isa = PBXResourcesBuildPhase;
			buildActionMask = 2147483647;
			files = (
				182510ED176B0CA0007F7A0C /* InfoPlist.strings in Resources */,
				182510F5176B0CA0007F7A0C /* Default.png in Resources */,
				182510F7176B0CA0007F7A0C /* Default@2x.png in Resources */,
				182510F9176B0CA0007F7A0C /* Default-568h@2x.png in Resources */,
				182510FE176B0CA0007F7A0C /* first.png in Resources */,
				18251100176B0CA0007F7A0C /* first@2x.png in Resources */,
				18251105176B0CA0007F7A0C /* second.png in Resources */,
				18251107176B0CA0007F7A0C /* second@2x.png in Resources */,
				1825110A176B0CA0007F7A0C /* TRFirstViewController.xib in Resources */,
				1825110D176B0CA0007F7A0C /* TRSecondViewController.xib in Resources */,
			);
			runOnlyForDeploymentPostprocessing = 0;
		};
/* End PBXResourcesBuildPhase section */

/* Begin PBXSourcesBuildPhase section */
		182510DA176B0CA0007F7A0C /* Sources */ = {
			isa = PBXSourcesBuildPhase;
			buildActionMask = 2147483647;
			files = (
				182510EF176B0CA0007F7A0C /* main.m in Sources */,
				182510F3176B0CA0007F7A0C /* TRAppDelegate.m in Sources */,
				182510FC176B0CA0007F7A0C /* TRFirstViewController.m in Sources */,
				18251103176B0CA0007F7A0C /* TRSecondViewController.m in Sources */,
			);
			runOnlyForDeploymentPostprocessing = 0;
		};
/* End PBXSourcesBuildPhase section */

/* Begin PBXVariantGroup section */
		182510EB176B0CA0007F7A0C /* InfoPlist.strings */ = {
			isa = PBXVariantGroup;
			children = (
				182510EC176B0CA0007F7A0C /* en */,
			);
			name = InfoPlist.strings;
			sourceTree = "<group>";
		};
		18251108176B0CA0007F7A0C /* TRFirstViewController.xib */ = {
			isa = PBXVariantGroup;
			children = (
				18251109176B0CA0007F7A0C /* en */,
			);
			name = TRFirstViewController.xib;
			sourceTree = "<group>";
		};
		1825110B176B0CA0007F7A0C /* TRSecondViewController.xib */ = {
			isa = PBXVariantGroup;
			children = (
				1825110C176B0CA0007F7A0C /* en */,
			);
			name = TRSecondViewController.xib;
			sourceTree = "<group>";
		};
/* End PBXVariantGroup section */

/* Begin XCBuildConfiguration section */
		1825110E176B0CA0007F7A0C /* Debug */ = {
			isa = XCBuildConfiguration;
			buildSettings = {
				ALWAYS_SEARCH_USER_PATHS = NO;
				CLANG_CXX_LANGUAGE_STANDARD = "gnu++0x";
				CLANG_CXX_LIBRARY = "libc++";
				CLANG_WARN_EMPTY_BODY = YES;
				CLANG_WARN__DUPLICATE_METHOD_MATCH = YES;
				"CODE_SIGN_IDENTITY[sdk=iphoneos*]" = "iPhone Developer";
				COPY_PHASE_STRIP = NO;
				GCC_C_LANGUAGE_STANDARD = gnu99;
				GCC_DYNAMIC_NO_PIC = NO;
				GCC_OPTIMIZATION_LEVEL = 0;
				GCC_PREPROCESSOR_DEFINITIONS = (
					"DEBUG=1",
					"$(inherited)",
				);
				GCC_SYMBOLS_PRIVATE_EXTERN = NO;
				GCC_WARN_ABOUT_RETURN_TYPE = YES;
				GCC_WARN_UNINITIALIZED_AUTOS = YES;
				GCC_WARN_UNUSED_VARIABLE = YES;
				IPHONEOS_DEPLOYMENT_TARGET = 6.0;
				ONLY_ACTIVE_ARCH = YES;
				SDKROOT = iphoneos;
			};
			name = Debug;
		};
		1825110F176B0CA0007F7A0C /* Release */ = {
			isa = XCBuildConfiguration;
			buildSettings = {
				ALWAYS_SEARCH_USER_PATHS = NO;
				CLANG_CXX_LANGUAGE_STANDARD = "gnu++0x";
				CLANG_CXX_LIBRARY = "libc++";
				CLANG_WARN_EMPTY_BODY = YES;
				CLANG_WARN__DUPLICATE_METHOD_MATCH = YES;
				"CODE_SIGN_IDENTITY[sdk=iphoneos*]" = "iPhone Developer";
				COPY_PHASE_STRIP = YES;
				GCC_C_LANGUAGE_STANDARD = gnu99;
				GCC_WARN_ABOUT_RETURN_TYPE = YES;
				GCC_WARN_UNINITIALIZED_AUTOS = YES;
				GCC_WARN_UNUSED_VARIABLE = YES;
				IPHONEOS_DEPLOYMENT_TARGET = 6.0;
				OTHER_CFLAGS = "-DNS_BLOCK_ASSERTIONS=1";
				SDKROOT = iphoneos;
				VALIDATE_PRODUCT = YES;
			};
			name = Release;
		};
		18251111176B0CA0007F7A0C /* Debug */ = {
			isa = XCBuildConfiguration;
			buildSettings = {
				GCC_PRECOMPILE_PREFIX_HEADER = YES;
				GCC_PREFIX_HEADER = "Demo5_Tab/Demo5_Tab-Prefix.pch";
				INFOPLIST_FILE = "Demo5_Tab/Demo5_Tab-Info.plist";
				PRODUCT_NAME = "$(TARGET_NAME)";
				WRAPPER_EXTENSION = app;
			};
			name = Debug;
		};
		18251112176B0CA0007F7A0C /* Release */ = {
			isa = XCBuildConfiguration;
			buildSettings = {
				GCC_PRECOMPILE_PREFIX_HEADER = YES;
				GCC_PREFIX_HEADER = "Demo5_Tab/Demo5_Tab-Prefix.pch";
				INFOPLIST_FILE = "Demo5_Tab/Demo5_Tab-Info.plist";
				PRODUCT_NAME = "$(TARGET_NAME)";
				WRAPPER_EXTENSION = app;
			};
			name = Release;
		};
/* End XCBuildConfiguration section */

/* Begin XCConfigurationList section */
		182510D8176B0CA0007F7A0C /* Build configuration list for PBXProject "Demo5_Tab" */ = {
			isa = XCConfigurationList;
			buildConfigurations = (
				1825110E176B0CA0007F7A0C /* Debug */,
				1825110F176B0CA0007F7A0C /* Release */,
			);
			defaultConfigurationIsVisible = 0;
			defaultConfigurationName = Release;
		};
		18251110176B0CA0007F7A0C /* Build configuration list for PBXNativeTarget "Demo5_Tab" */ = {
			isa = XCConfigurationList;
			buildConfigurations = (
				18251111176B0CA0007F7A0C /* Debug */,
				18251112176B0CA0007F7A0C /* Release */,
			);
			defaultConfigurationIsVisible = 0;
		};
/* End XCConfigurationList section */
	};
	rootObject = 182510D5176B0CA0007F7A0C /* Project object */;
}
