// !$*UTF8*$!
{
	archiveVersion = 1;
	classes = {
	};
	objectVersion = 46;
	objects = {

/* Begin PBXBuildFile section */
		1881B81D175C47EE0085F519 /* UIKit.framework in Frameworks */ = {isa = PBXBuildFile; fileRef = 1881B81C175C47EE0085F519 /* UIKit.framework */; };
		1881B81F175C47EE0085F519 /* Foundation.framework in Frameworks */ = {isa = PBXBuildFile; fileRef = 1881B81E175C47EE0085F519 /* Foundation.framework */; };
		1881B821175C47EE0085F519 /* CoreGraphics.framework in Frameworks */ = {isa = PBXBuildFile; fileRef = 1881B820175C47EE0085F519 /* CoreGraphics.framework */; };
		1881B827175C47EE0085F519 /* InfoPlist.strings in Resources */ = {isa = PBXBuildFile; fileRef = 1881B825175C47EE0085F519 /* InfoPlist.strings */; };
		1881B829175C47EE0085F519 /* main.m in Sources */ = {isa = PBXBuildFile; fileRef = 1881B828175C47EE0085F519 /* main.m */; };
		1881B82D175C47EE0085F519 /* TRAppDelegate.m in Sources */ = {isa = PBXBuildFile; fileRef = 1881B82C175C47EE0085F519 /* TRAppDelegate.m */; };
		1881B82F175C47EE0085F519 /* Default.png in Resources */ = {isa = PBXBuildFile; fileRef = 1881B82E175C47EE0085F519 /* Default.png */; };
		1881B831175C47EE0085F519 /* Default@2x.png in Resources */ = {isa = PBXBuildFile; fileRef = 1881B830175C47EE0085F519 /* Default@2x.png */; };
		1881B833175C47EE0085F519 /* Default-568h@2x.png in Resources */ = {isa = PBXBuildFile; fileRef = 1881B832175C47EE0085F519 /* Default-568h@2x.png */; };
		1881B836175C47EE0085F519 /* TRViewController.m in Sources */ = {isa = PBXBuildFile; fileRef = 1881B835175C47EE0085F519 /* TRViewController.m */; };
		1881B839175C47EE0085F519 /* TRViewController.xib in Resources */ = {isa = PBXBuildFile; fileRef = 1881B837175C47EE0085F519 /* TRViewController.xib */; };
		1881B877175C86890085F519 /* TRAppModel.m in Sources */ = {isa = PBXBuildFile; fileRef = 1881B876175C86890085F519 /* TRAppModel.m */; };
		18E5BD50175CC5B8001DD759 /* users.plist in Resources */ = {isa = PBXBuildFile; fileRef = 18E5BD4F175CC5B8001DD759 /* users.plist */; };
/* End PBXBuildFile section */

/* Begin PBXFileReference section */
		1881B818175C47EE0085F519 /* P04.app */ = {isa = PBXFileReference; explicitFileType = wrapper.application; includeInIndex = 0; path = P04.app; sourceTree = BUILT_PRODUCTS_DIR; };
		1881B81C175C47EE0085F519 /* UIKit.framework */ = {isa = PBXFileReference; lastKnownFileType = wrapper.framework; name = UIKit.framework; path = System/Library/Frameworks/UIKit.framework; sourceTree = SDKROOT; };
		1881B81E175C47EE0085F519 /* Foundation.framework */ = {isa = PBXFileReference; lastKnownFileType = wrapper.framework; name = Foundation.framework; path = System/Library/Frameworks/Foundation.framework; sourceTree = SDKROOT; };
		1881B820175C47EE0085F519 /* CoreGraphics.framework */ = {isa = PBXFileReference; lastKnownFileType = wrapper.framework; name = CoreGraphics.framework; path = System/Library/Frameworks/CoreGraphics.framework; sourceTree = SDKROOT; };
		1881B824175C47EE0085F519 /* P04-Info.plist */ = {isa = PBXFileReference; lastKnownFileType = text.plist.xml; path = "P04-Info.plist"; sourceTree = "<group>"; };
		1881B826175C47EE0085F519 /* en */ = {isa = PBXFileReference; lastKnownFileType = text.plist.strings; name = en; path = en.lproj/InfoPlist.strings; sourceTree = "<group>"; };
		1881B828175C47EE0085F519 /* main.m */ = {isa = PBXFileReference; lastKnownFileType = sourcecode.c.objc; path = main.m; sourceTree = "<group>"; };
		1881B82A175C47EE0085F519 /* P04-Prefix.pch */ = {isa = PBXFileReference; lastKnownFileType = sourcecode.c.h; path = "P04-Prefix.pch"; sourceTree = "<group>"; };
		1881B82B175C47EE0085F519 /* TRAppDelegate.h */ = {isa = PBXFileReference; lastKnownFileType = sourcecode.c.h; path = TRAppDelegate.h; sourceTree = "<group>"; };
		1881B82C175C47EE0085F519 /* TRAppDelegate.m */ = {isa = PBXFileReference; lastKnownFileType = sourcecode.c.objc; path = TRAppDelegate.m; sourceTree = "<group>"; };
		1881B82E175C47EE0085F519 /* Default.png */ = {isa = PBXFileReference; lastKnownFileType = image.png; path = Default.png; sourceTree = "<group>"; };
		1881B830175C47EE0085F519 /* Default@2x.png */ = {isa = PBXFileReference; lastKnownFileType = image.png; path = "Default@2x.png"; sourceTree = "<group>"; };
		1881B832175C47EE0085F519 /* Default-568h@2x.png */ = {isa = PBXFileReference; lastKnownFileType = image.png; path = "Default-568h@2x.png"; sourceTree = "<group>"; };
		1881B834175C47EE0085F519 /* TRViewController.h */ = {isa = PBXFileReference; lastKnownFileType = sourcecode.c.h; path = TRViewController.h; sourceTree = "<group>"; };
		1881B835175C47EE0085F519 /* TRViewController.m */ = {isa = PBXFileReference; lastKnownFileType = sourcecode.c.objc; path = TRViewController.m; sourceTree = "<group>"; };
		1881B838175C47EE0085F519 /* en */ = {isa = PBXFileReference; lastKnownFileType = file.xib; name = en; path = en.lproj/TRViewController.xib; sourceTree = "<group>"; };
		1881B875175C86890085F519 /* TRAppModel.h */ = {isa = PBXFileReference; fileEncoding = 4; lastKnownFileType = sourcecode.c.h; path = TRAppModel.h; sourceTree = "<group>"; };
		1881B876175C86890085F519 /* TRAppModel.m */ = {isa = PBXFileReference; fileEncoding = 4; lastKnownFileType = sourcecode.c.objc; path = TRAppModel.m; sourceTree = "<group>"; };
		18E5BD4F175CC5B8001DD759 /* users.plist */ = {isa = PBXFileReference; fileEncoding = 4; lastKnownFileType = text.plist.xml; path = users.plist; sourceTree = "<group>"; };
/* End PBXFileReference section */

/* Begin PBXFrameworksBuildPhase section */
		1881B815175C47EE0085F519 /* Frameworks */ = {
			isa = PBXFrameworksBuildPhase;
			buildActionMask = 2147483647;
			files = (
				1881B81D175C47EE0085F519 /* UIKit.framework in Frameworks */,
				1881B81F175C47EE0085F519 /* Foundation.framework in Frameworks */,
				1881B821175C47EE0085F519 /* CoreGraphics.framework in Frameworks */,
			);
			runOnlyForDeploymentPostprocessing = 0;
		};
/* End PBXFrameworksBuildPhase section */

/* Begin PBXGroup section */
		1881B80D175C47EE0085F519 = {
			isa = PBXGroup;
			children = (
				1881B822175C47EE0085F519 /* P04 */,
				1881B81B175C47EE0085F519 /* Frameworks */,
				1881B819175C47EE0085F519 /* Products */,
			);
			sourceTree = "<group>";
		};
		1881B819175C47EE0085F519 /* Products */ = {
			isa = PBXGroup;
			children = (
				1881B818175C47EE0085F519 /* P04.app */,
			);
			name = Products;
			sourceTree = "<group>";
		};
		1881B81B175C47EE0085F519 /* Frameworks */ = {
			isa = PBXGroup;
			children = (
				1881B81C175C47EE0085F519 /* UIKit.framework */,
				1881B81E175C47EE0085F519 /* Foundation.framework */,
				1881B820175C47EE0085F519 /* CoreGraphics.framework */,
			);
			name = Frameworks;
			sourceTree = "<group>";
		};
		1881B822175C47EE0085F519 /* P04 */ = {
			isa = PBXGroup;
			children = (
				1881B82B175C47EE0085F519 /* TRAppDelegate.h */,
				1881B82C175C47EE0085F519 /* TRAppDelegate.m */,
				1881B834175C47EE0085F519 /* TRViewController.h */,
				1881B835175C47EE0085F519 /* TRViewController.m */,
				1881B837175C47EE0085F519 /* TRViewController.xib */,
				1881B875175C86890085F519 /* TRAppModel.h */,
				1881B876175C86890085F519 /* TRAppModel.m */,
				1881B823175C47EE0085F519 /* Supporting Files */,
				18E5BD4F175CC5B8001DD759 /* users.plist */,
			);
			path = P04;
			sourceTree = "<group>";
		};
		1881B823175C47EE0085F519 /* Supporting Files */ = {
			isa = PBXGroup;
			children = (
				1881B824175C47EE0085F519 /* P04-Info.plist */,
				1881B825175C47EE0085F519 /* InfoPlist.strings */,
				1881B828175C47EE0085F519 /* main.m */,
				1881B82A175C47EE0085F519 /* P04-Prefix.pch */,
				1881B82E175C47EE0085F519 /* Default.png */,
				1881B830175C47EE0085F519 /* Default@2x.png */,
				1881B832175C47EE0085F519 /* Default-568h@2x.png */,
			);
			name = "Supporting Files";
			sourceTree = "<group>";
		};
/* End PBXGroup section */

/* Begin PBXNativeTarget section */
		1881B817175C47EE0085F519 /* P04 */ = {
			isa = PBXNativeTarget;
			buildConfigurationList = 1881B83C175C47EE0085F519 /* Build configuration list for PBXNativeTarget "P04" */;
			buildPhases = (
				1881B814175C47EE0085F519 /* Sources */,
				1881B815175C47EE0085F519 /* Frameworks */,
				1881B816175C47EE0085F519 /* Resources */,
			);
			buildRules = (
			);
			dependencies = (
			);
			name = P04;
			productName = P04;
			productReference = 1881B818175C47EE0085F519 /* P04.app */;
			productType = "com.apple.product-type.application";
		};
/* End PBXNativeTarget section */

/* Begin PBXProject section */
		1881B80F175C47EE0085F519 /* Project object */ = {
			isa = PBXProject;
			attributes = {
				CLASSPREFIX = TR;
				LastUpgradeCheck = 0450;
				ORGANIZATIONNAME = tarena;
			};
			buildConfigurationList = 1881B812175C47EE0085F519 /* Build configuration list for PBXProject "P04" */;
			compatibilityVersion = "Xcode 3.2";
			developmentRegion = English;
			hasScannedForEncodings = 0;
			knownRegions = (
				en,
			);
			mainGroup = 1881B80D175C47EE0085F519;
			productRefGroup = 1881B819175C47EE0085F519 /* Products */;
			projectDirPath = "";
			projectRoot = "";
			targets = (
				1881B817175C47EE0085F519 /* P04 */,
			);
		};
/* End PBXProject section */

/* Begin PBXResourcesBuildPhase section */
		1881B816175C47EE0085F519 /* Resources */ = {
			isa = PBXResourcesBuildPhase;
			buildActionMask = 2147483647;
			files = (
				1881B827175C47EE0085F519 /* InfoPlist.strings in Resources */,
				1881B82F175C47EE0085F519 /* Default.png in Resources */,
				1881B831175C47EE0085F519 /* Default@2x.png in Resources */,
				1881B833175C47EE0085F519 /* Default-568h@2x.png in Resources */,
				1881B839175C47EE0085F519 /* TRViewController.xib in Resources */,
				18E5BD50175CC5B8001DD759 /* users.plist in Resources */,
			);
			runOnlyForDeploymentPostprocessing = 0;
		};
/* End PBXResourcesBuildPhase section */

/* Begin PBXSourcesBuildPhase section */
		1881B814175C47EE0085F519 /* Sources */ = {
			isa = PBXSourcesBuildPhase;
			buildActionMask = 2147483647;
			files = (
				1881B829175C47EE0085F519 /* main.m in Sources */,
				1881B82D175C47EE0085F519 /* TRAppDelegate.m in Sources */,
				1881B836175C47EE0085F519 /* TRViewController.m in Sources */,
				1881B877175C86890085F519 /* TRAppModel.m in Sources */,
			);
			runOnlyForDeploymentPostprocessing = 0;
		};
/* End PBXSourcesBuildPhase section */

/* Begin PBXVariantGroup section */
		1881B825175C47EE0085F519 /* InfoPlist.strings */ = {
			isa = PBXVariantGroup;
			children = (
				1881B826175C47EE0085F519 /* en */,
			);
			name = InfoPlist.strings;
			sourceTree = "<group>";
		};
		1881B837175C47EE0085F519 /* TRViewController.xib */ = {
			isa = PBXVariantGroup;
			children = (
				1881B838175C47EE0085F519 /* en */,
			);
			name = TRViewController.xib;
			sourceTree = "<group>";
		};
/* End PBXVariantGroup section */

/* Begin XCBuildConfiguration section */
		1881B83A175C47EE0085F519 /* Debug */ = {
			isa = XCBuildConfiguration;
			buildSettings = {
				ALWAYS_SEARCH_USER_PATHS = NO;
				CLANG_CXX_LANGUAGE_STANDARD = "gnu++0x";
				CLANG_CXX_LIBRARY = "libc++";
				CLANG_WARN_EMPTY_BODY = YES;
				CLANG_WARN__DUPLICATE_METHOD_MATCH = YES;
				"CODE_SIGN_IDENTITY[sdk=iphoneos*]" = "iPhone Developer";
				COPY_PHASE_STRIP = NO;
				GCC_C_LANGUAGE_STANDARD = gnu99;
				GCC_DYNAMIC_NO_PIC = NO;
				GCC_OPTIMIZATION_LEVEL = 0;
				GCC_PREPROCESSOR_DEFINITIONS = (
					"DEBUG=1",
					"$(inherited)",
				);
				GCC_SYMBOLS_PRIVATE_EXTERN = NO;
				GCC_WARN_ABOUT_RETURN_TYPE = YES;
				GCC_WARN_UNINITIALIZED_AUTOS = YES;
				GCC_WARN_UNUSED_VARIABLE = YES;
				IPHONEOS_DEPLOYMENT_TARGET = 6.0;
				ONLY_ACTIVE_ARCH = YES;
				SDKROOT = iphoneos;
			};
			name = Debug;
		};
		1881B83B175C47EE0085F519 /* Release */ = {
			isa = XCBuildConfiguration;
			buildSettings = {
				ALWAYS_SEARCH_USER_PATHS = NO;
				CLANG_CXX_LANGUAGE_STANDARD = "gnu++0x";
				CLANG_CXX_LIBRARY = "libc++";
				CLANG_WARN_EMPTY_BODY = YES;
				CLANG_WARN__DUPLICATE_METHOD_MATCH = YES;
				"CODE_SIGN_IDENTITY[sdk=iphoneos*]" = "iPhone Developer";
				COPY_PHASE_STRIP = YES;
				GCC_C_LANGUAGE_STANDARD = gnu99;
				GCC_WARN_ABOUT_RETURN_TYPE = YES;
				GCC_WARN_UNINITIALIZED_AUTOS = YES;
				GCC_WARN_UNUSED_VARIABLE = YES;
				IPHONEOS_DEPLOYMENT_TARGET = 6.0;
				OTHER_CFLAGS = "-DNS_BLOCK_ASSERTIONS=1";
				SDKROOT = iphoneos;
				VALIDATE_PRODUCT = YES;
			};
			name = Release;
		};
		1881B83D175C47EE0085F519 /* Debug */ = {
			isa = XCBuildConfiguration;
			buildSettings = {
				GCC_PRECOMPILE_PREFIX_HEADER = YES;
				GCC_PREFIX_HEADER = "P04/P04-Prefix.pch";
				INFOPLIST_FILE = "P04/P04-Info.plist";
				PRODUCT_NAME = "$(TARGET_NAME)";
				WRAPPER_EXTENSION = app;
			};
			name = Debug;
		};
		1881B83E175C47EE0085F519 /* Release */ = {
			isa = XCBuildConfiguration;
			buildSettings = {
				GCC_PRECOMPILE_PREFIX_HEADER = YES;
				GCC_PREFIX_HEADER = "P04/P04-Prefix.pch";
				INFOPLIST_FILE = "P04/P04-Info.plist";
				PRODUCT_NAME = "$(TARGET_NAME)";
				WRAPPER_EXTENSION = app;
			};
			name = Release;
		};
/* End XCBuildConfiguration section */

/* Begin XCConfigurationList section */
		1881B812175C47EE0085F519 /* Build configuration list for PBXProject "P04" */ = {
			isa = XCConfigurationList;
			buildConfigurations = (
				1881B83A175C47EE0085F519 /* Debug */,
				1881B83B175C47EE0085F519 /* Release */,
			);
			defaultConfigurationIsVisible = 0;
			defaultConfigurationName = Release;
		};
		1881B83C175C47EE0085F519 /* Build configuration list for PBXNativeTarget "P04" */ = {
			isa = XCConfigurationList;
			buildConfigurations = (
				1881B83D175C47EE0085F519 /* Debug */,
				1881B83E175C47EE0085F519 /* Release */,
			);
			defaultConfigurationIsVisible = 0;
			defaultConfigurationName = Release;
		};
/* End XCConfigurationList section */
	};
	rootObject = 1881B80F175C47EE0085F519 /* Project object */;
}
