// !$*UTF8*$!
{
	archiveVersion = 1;
	classes = {
	};
	objectVersion = 46;
	objects = {

/* Begin PBXBuildFile section */
		1888AE791769C4CC006440F2 /* UIKit.framework in Frameworks */ = {isa = PBXBuildFile; fileRef = 1888AE781769C4CC006440F2 /* UIKit.framework */; };
		1888AE7B1769C4CC006440F2 /* Foundation.framework in Frameworks */ = {isa = PBXBuildFile; fileRef = 1888AE7A1769C4CC006440F2 /* Foundation.framework */; };
		1888AE7D1769C4CC006440F2 /* CoreGraphics.framework in Frameworks */ = {isa = PBXBuildFile; fileRef = 1888AE7C1769C4CC006440F2 /* CoreGraphics.framework */; };
		1888AE831769C4CC006440F2 /* InfoPlist.strings in Resources */ = {isa = PBXBuildFile; fileRef = 1888AE811769C4CC006440F2 /* InfoPlist.strings */; };
		1888AE851769C4CC006440F2 /* main.m in Sources */ = {isa = PBXBuildFile; fileRef = 1888AE841769C4CC006440F2 /* main.m */; };
		1888AE891769C4CC006440F2 /* TRAppDelegate.m in Sources */ = {isa = PBXBuildFile; fileRef = 1888AE881769C4CC006440F2 /* TRAppDelegate.m */; };
		1888AE8B1769C4CC006440F2 /* Default.png in Resources */ = {isa = PBXBuildFile; fileRef = 1888AE8A1769C4CC006440F2 /* Default.png */; };
		1888AE8D1769C4CC006440F2 /* Default@2x.png in Resources */ = {isa = PBXBuildFile; fileRef = 1888AE8C1769C4CC006440F2 /* Default@2x.png */; };
		1888AE8F1769C4CC006440F2 /* Default-568h@2x.png in Resources */ = {isa = PBXBuildFile; fileRef = 1888AE8E1769C4CC006440F2 /* Default-568h@2x.png */; };
		1888AE921769C4CC006440F2 /* TRViewController.m in Sources */ = {isa = PBXBuildFile; fileRef = 1888AE911769C4CC006440F2 /* TRViewController.m */; };
		1888AE951769C4CC006440F2 /* TRViewController.xib in Resources */ = {isa = PBXBuildFile; fileRef = 1888AE931769C4CC006440F2 /* TRViewController.xib */; };
/* End PBXBuildFile section */

/* Begin PBXFileReference section */
		1888AE741769C4CC006440F2 /* Demo5_TableView_DIY_Cell_2.app */ = {isa = PBXFileReference; explicitFileType = wrapper.application; includeInIndex = 0; path = Demo5_TableView_DIY_Cell_2.app; sourceTree = BUILT_PRODUCTS_DIR; };
		1888AE781769C4CC006440F2 /* UIKit.framework */ = {isa = PBXFileReference; lastKnownFileType = wrapper.framework; name = UIKit.framework; path = System/Library/Frameworks/UIKit.framework; sourceTree = SDKROOT; };
		1888AE7A1769C4CC006440F2 /* Foundation.framework */ = {isa = PBXFileReference; lastKnownFileType = wrapper.framework; name = Foundation.framework; path = System/Library/Frameworks/Foundation.framework; sourceTree = SDKROOT; };
		1888AE7C1769C4CC006440F2 /* CoreGraphics.framework */ = {isa = PBXFileReference; lastKnownFileType = wrapper.framework; name = CoreGraphics.framework; path = System/Library/Frameworks/CoreGraphics.framework; sourceTree = SDKROOT; };
		1888AE801769C4CC006440F2 /* Demo5_TableView_DIY_Cell_2-Info.plist */ = {isa = PBXFileReference; lastKnownFileType = text.plist.xml; path = "Demo5_TableView_DIY_Cell_2-Info.plist"; sourceTree = "<group>"; };
		1888AE821769C4CC006440F2 /* en */ = {isa = PBXFileReference; lastKnownFileType = text.plist.strings; name = en; path = en.lproj/InfoPlist.strings; sourceTree = "<group>"; };
		1888AE841769C4CC006440F2 /* main.m */ = {isa = PBXFileReference; lastKnownFileType = sourcecode.c.objc; path = main.m; sourceTree = "<group>"; };
		1888AE861769C4CC006440F2 /* Demo5_TableView_DIY_Cell_2-Prefix.pch */ = {isa = PBXFileReference; lastKnownFileType = sourcecode.c.h; path = "Demo5_TableView_DIY_Cell_2-Prefix.pch"; sourceTree = "<group>"; };
		1888AE871769C4CC006440F2 /* TRAppDelegate.h */ = {isa = PBXFileReference; lastKnownFileType = sourcecode.c.h; path = TRAppDelegate.h; sourceTree = "<group>"; };
		1888AE881769C4CC006440F2 /* TRAppDelegate.m */ = {isa = PBXFileReference; lastKnownFileType = sourcecode.c.objc; path = TRAppDelegate.m; sourceTree = "<group>"; };
		1888AE8A1769C4CC006440F2 /* Default.png */ = {isa = PBXFileReference; lastKnownFileType = image.png; path = Default.png; sourceTree = "<group>"; };
		1888AE8C1769C4CC006440F2 /* Default@2x.png */ = {isa = PBXFileReference; lastKnownFileType = image.png; path = "Default@2x.png"; sourceTree = "<group>"; };
		1888AE8E1769C4CC006440F2 /* Default-568h@2x.png */ = {isa = PBXFileReference; lastKnownFileType = image.png; path = "Default-568h@2x.png"; sourceTree = "<group>"; };
		1888AE901769C4CC006440F2 /* TRViewController.h */ = {isa = PBXFileReference; lastKnownFileType = sourcecode.c.h; path = TRViewController.h; sourceTree = "<group>"; };
		1888AE911769C4CC006440F2 /* TRViewController.m */ = {isa = PBXFileReference; lastKnownFileType = sourcecode.c.objc; path = TRViewController.m; sourceTree = "<group>"; };
		1888AE941769C4CC006440F2 /* en */ = {isa = PBXFileReference; lastKnownFileType = file.xib; name = en; path = en.lproj/TRViewController.xib; sourceTree = "<group>"; };
/* End PBXFileReference section */

/* Begin PBXFrameworksBuildPhase section */
		1888AE711769C4CC006440F2 /* Frameworks */ = {
			isa = PBXFrameworksBuildPhase;
			buildActionMask = 2147483647;
			files = (
				1888AE791769C4CC006440F2 /* UIKit.framework in Frameworks */,
				1888AE7B1769C4CC006440F2 /* Foundation.framework in Frameworks */,
				1888AE7D1769C4CC006440F2 /* CoreGraphics.framework in Frameworks */,
			);
			runOnlyForDeploymentPostprocessing = 0;
		};
/* End PBXFrameworksBuildPhase section */

/* Begin PBXGroup section */
		1888AE691769C4CC006440F2 = {
			isa = PBXGroup;
			children = (
				1888AE7E1769C4CC006440F2 /* Demo5_TableView_DIY_Cell_2 */,
				1888AE771769C4CC006440F2 /* Frameworks */,
				1888AE751769C4CC006440F2 /* Products */,
			);
			sourceTree = "<group>";
		};
		1888AE751769C4CC006440F2 /* Products */ = {
			isa = PBXGroup;
			children = (
				1888AE741769C4CC006440F2 /* Demo5_TableView_DIY_Cell_2.app */,
			);
			name = Products;
			sourceTree = "<group>";
		};
		1888AE771769C4CC006440F2 /* Frameworks */ = {
			isa = PBXGroup;
			children = (
				1888AE781769C4CC006440F2 /* UIKit.framework */,
				1888AE7A1769C4CC006440F2 /* Foundation.framework */,
				1888AE7C1769C4CC006440F2 /* CoreGraphics.framework */,
			);
			name = Frameworks;
			sourceTree = "<group>";
		};
		1888AE7E1769C4CC006440F2 /* Demo5_TableView_DIY_Cell_2 */ = {
			isa = PBXGroup;
			children = (
				1888AE871769C4CC006440F2 /* TRAppDelegate.h */,
				1888AE881769C4CC006440F2 /* TRAppDelegate.m */,
				1888AE901769C4CC006440F2 /* TRViewController.h */,
				1888AE911769C4CC006440F2 /* TRViewController.m */,
				1888AE931769C4CC006440F2 /* TRViewController.xib */,
				1888AE7F1769C4CC006440F2 /* Supporting Files */,
			);
			path = Demo5_TableView_DIY_Cell_2;
			sourceTree = "<group>";
		};
		1888AE7F1769C4CC006440F2 /* Supporting Files */ = {
			isa = PBXGroup;
			children = (
				1888AE801769C4CC006440F2 /* Demo5_TableView_DIY_Cell_2-Info.plist */,
				1888AE811769C4CC006440F2 /* InfoPlist.strings */,
				1888AE841769C4CC006440F2 /* main.m */,
				1888AE861769C4CC006440F2 /* Demo5_TableView_DIY_Cell_2-Prefix.pch */,
				1888AE8A1769C4CC006440F2 /* Default.png */,
				1888AE8C1769C4CC006440F2 /* Default@2x.png */,
				1888AE8E1769C4CC006440F2 /* Default-568h@2x.png */,
			);
			name = "Supporting Files";
			sourceTree = "<group>";
		};
/* End PBXGroup section */

/* Begin PBXNativeTarget section */
		1888AE731769C4CC006440F2 /* Demo5_TableView_DIY_Cell_2 */ = {
			isa = PBXNativeTarget;
			buildConfigurationList = 1888AE981769C4CC006440F2 /* Build configuration list for PBXNativeTarget "Demo5_TableView_DIY_Cell_2" */;
			buildPhases = (
				1888AE701769C4CC006440F2 /* Sources */,
				1888AE711769C4CC006440F2 /* Frameworks */,
				1888AE721769C4CC006440F2 /* Resources */,
			);
			buildRules = (
			);
			dependencies = (
			);
			name = Demo5_TableView_DIY_Cell_2;
			productName = Demo5_TableView_DIY_Cell_2;
			productReference = 1888AE741769C4CC006440F2 /* Demo5_TableView_DIY_Cell_2.app */;
			productType = "com.apple.product-type.application";
		};
/* End PBXNativeTarget section */

/* Begin PBXProject section */
		1888AE6B1769C4CC006440F2 /* Project object */ = {
			isa = PBXProject;
			attributes = {
				CLASSPREFIX = TR;
				LastUpgradeCheck = 0450;
				ORGANIZATIONNAME = tarena;
			};
			buildConfigurationList = 1888AE6E1769C4CC006440F2 /* Build configuration list for PBXProject "Demo5_TableView_DIY_Cell_2" */;
			compatibilityVersion = "Xcode 3.2";
			developmentRegion = English;
			hasScannedForEncodings = 0;
			knownRegions = (
				en,
			);
			mainGroup = 1888AE691769C4CC006440F2;
			productRefGroup = 1888AE751769C4CC006440F2 /* Products */;
			projectDirPath = "";
			projectRoot = "";
			targets = (
				1888AE731769C4CC006440F2 /* Demo5_TableView_DIY_Cell_2 */,
			);
		};
/* End PBXProject section */

/* Begin PBXResourcesBuildPhase section */
		1888AE721769C4CC006440F2 /* Resources */ = {
			isa = PBXResourcesBuildPhase;
			buildActionMask = 2147483647;
			files = (
				1888AE831769C4CC006440F2 /* InfoPlist.strings in Resources */,
				1888AE8B1769C4CC006440F2 /* Default.png in Resources */,
				1888AE8D1769C4CC006440F2 /* Default@2x.png in Resources */,
				1888AE8F1769C4CC006440F2 /* Default-568h@2x.png in Resources */,
				1888AE951769C4CC006440F2 /* TRViewController.xib in Resources */,
			);
			runOnlyForDeploymentPostprocessing = 0;
		};
/* End PBXResourcesBuildPhase section */

/* Begin PBXSourcesBuildPhase section */
		1888AE701769C4CC006440F2 /* Sources */ = {
			isa = PBXSourcesBuildPhase;
			buildActionMask = 2147483647;
			files = (
				1888AE851769C4CC006440F2 /* main.m in Sources */,
				1888AE891769C4CC006440F2 /* TRAppDelegate.m in Sources */,
				1888AE921769C4CC006440F2 /* TRViewController.m in Sources */,
			);
			runOnlyForDeploymentPostprocessing = 0;
		};
/* End PBXSourcesBuildPhase section */

/* Begin PBXVariantGroup section */
		1888AE811769C4CC006440F2 /* InfoPlist.strings */ = {
			isa = PBXVariantGroup;
			children = (
				1888AE821769C4CC006440F2 /* en */,
			);
			name = InfoPlist.strings;
			sourceTree = "<group>";
		};
		1888AE931769C4CC006440F2 /* TRViewController.xib */ = {
			isa = PBXVariantGroup;
			children = (
				1888AE941769C4CC006440F2 /* en */,
			);
			name = TRViewController.xib;
			sourceTree = "<group>";
		};
/* End PBXVariantGroup section */

/* Begin XCBuildConfiguration section */
		1888AE961769C4CC006440F2 /* Debug */ = {
			isa = XCBuildConfiguration;
			buildSettings = {
				ALWAYS_SEARCH_USER_PATHS = NO;
				CLANG_CXX_LANGUAGE_STANDARD = "gnu++0x";
				CLANG_CXX_LIBRARY = "libc++";
				CLANG_WARN_EMPTY_BODY = YES;
				CLANG_WARN__DUPLICATE_METHOD_MATCH = YES;
				"CODE_SIGN_IDENTITY[sdk=iphoneos*]" = "iPhone Developer";
				COPY_PHASE_STRIP = NO;
				GCC_C_LANGUAGE_STANDARD = gnu99;
				GCC_DYNAMIC_NO_PIC = NO;
				GCC_OPTIMIZATION_LEVEL = 0;
				GCC_PREPROCESSOR_DEFINITIONS = (
					"DEBUG=1",
					"$(inherited)",
				);
				GCC_SYMBOLS_PRIVATE_EXTERN = NO;
				GCC_WARN_ABOUT_RETURN_TYPE = YES;
				GCC_WARN_UNINITIALIZED_AUTOS = YES;
				GCC_WARN_UNUSED_VARIABLE = YES;
				IPHONEOS_DEPLOYMENT_TARGET = 6.0;
				ONLY_ACTIVE_ARCH = YES;
				SDKROOT = iphoneos;
			};
			name = Debug;
		};
		1888AE971769C4CC006440F2 /* Release */ = {
			isa = XCBuildConfiguration;
			buildSettings = {
				ALWAYS_SEARCH_USER_PATHS = NO;
				CLANG_CXX_LANGUAGE_STANDARD = "gnu++0x";
				CLANG_CXX_LIBRARY = "libc++";
				CLANG_WARN_EMPTY_BODY = YES;
				CLANG_WARN__DUPLICATE_METHOD_MATCH = YES;
				"CODE_SIGN_IDENTITY[sdk=iphoneos*]" = "iPhone Developer";
				COPY_PHASE_STRIP = YES;
				GCC_C_LANGUAGE_STANDARD = gnu99;
				GCC_WARN_ABOUT_RETURN_TYPE = YES;
				GCC_WARN_UNINITIALIZED_AUTOS = YES;
				GCC_WARN_UNUSED_VARIABLE = YES;
				IPHONEOS_DEPLOYMENT_TARGET = 6.0;
				OTHER_CFLAGS = "-DNS_BLOCK_ASSERTIONS=1";
				SDKROOT = iphoneos;
				VALIDATE_PRODUCT = YES;
			};
			name = Release;
		};
		1888AE991769C4CC006440F2 /* Debug */ = {
			isa = XCBuildConfiguration;
			buildSettings = {
				GCC_PRECOMPILE_PREFIX_HEADER = YES;
				GCC_PREFIX_HEADER = "Demo5_TableView_DIY_Cell_2/Demo5_TableView_DIY_Cell_2-Prefix.pch";
				INFOPLIST_FILE = "Demo5_TableView_DIY_Cell_2/Demo5_TableView_DIY_Cell_2-Info.plist";
				PRODUCT_NAME = "$(TARGET_NAME)";
				WRAPPER_EXTENSION = app;
			};
			name = Debug;
		};
		1888AE9A1769C4CC006440F2 /* Release */ = {
			isa = XCBuildConfiguration;
			buildSettings = {
				GCC_PRECOMPILE_PREFIX_HEADER = YES;
				GCC_PREFIX_HEADER = "Demo5_TableView_DIY_Cell_2/Demo5_TableView_DIY_Cell_2-Prefix.pch";
				INFOPLIST_FILE = "Demo5_TableView_DIY_Cell_2/Demo5_TableView_DIY_Cell_2-Info.plist";
				PRODUCT_NAME = "$(TARGET_NAME)";
				WRAPPER_EXTENSION = app;
			};
			name = Release;
		};
/* End XCBuildConfiguration section */

/* Begin XCConfigurationList section */
		1888AE6E1769C4CC006440F2 /* Build configuration list for PBXProject "Demo5_TableView_DIY_Cell_2" */ = {
			isa = XCConfigurationList;
			buildConfigurations = (
				1888AE961769C4CC006440F2 /* Debug */,
				1888AE971769C4CC006440F2 /* Release */,
			);
			defaultConfigurationIsVisible = 0;
			defaultConfigurationName = Release;
		};
		1888AE981769C4CC006440F2 /* Build configuration list for PBXNativeTarget "Demo5_TableView_DIY_Cell_2" */ = {
			isa = XCConfigurationList;
			buildConfigurations = (
				1888AE991769C4CC006440F2 /* Debug */,
				1888AE9A1769C4CC006440F2 /* Release */,
			);
			defaultConfigurationIsVisible = 0;
		};
/* End XCConfigurationList section */
	};
	rootObject = 1888AE6B1769C4CC006440F2 /* Project object */;
}
