// !$*UTF8*$!
{
	archiveVersion = 1;
	classes = {
	};
	objectVersion = 46;
	objects = {

/* Begin PBXBuildFile section */
		180DD34C17605F4800071B41 /* UIKit.framework in Frameworks */ = {isa = PBXBuildFile; fileRef = 180DD34B17605F4800071B41 /* UIKit.framework */; };
		180DD34E17605F4800071B41 /* Foundation.framework in Frameworks */ = {isa = PBXBuildFile; fileRef = 180DD34D17605F4800071B41 /* Foundation.framework */; };
		180DD35017605F4800071B41 /* CoreGraphics.framework in Frameworks */ = {isa = PBXBuildFile; fileRef = 180DD34F17605F4800071B41 /* CoreGraphics.framework */; };
		180DD35617605F4800071B41 /* InfoPlist.strings in Resources */ = {isa = PBXBuildFile; fileRef = 180DD35417605F4800071B41 /* InfoPlist.strings */; };
		180DD35817605F4800071B41 /* main.m in Sources */ = {isa = PBXBuildFile; fileRef = 180DD35717605F4800071B41 /* main.m */; };
		180DD35C17605F4800071B41 /* TRAppDelegate.m in Sources */ = {isa = PBXBuildFile; fileRef = 180DD35B17605F4800071B41 /* TRAppDelegate.m */; };
		180DD35E17605F4800071B41 /* Default.png in Resources */ = {isa = PBXBuildFile; fileRef = 180DD35D17605F4800071B41 /* Default.png */; };
		180DD36017605F4800071B41 /* Default@2x.png in Resources */ = {isa = PBXBuildFile; fileRef = 180DD35F17605F4800071B41 /* Default@2x.png */; };
		180DD36217605F4800071B41 /* Default-568h@2x.png in Resources */ = {isa = PBXBuildFile; fileRef = 180DD36117605F4800071B41 /* Default-568h@2x.png */; };
		180DD36517605F4800071B41 /* TRViewController.m in Sources */ = {isa = PBXBuildFile; fileRef = 180DD36417605F4800071B41 /* TRViewController.m */; };
		180DD36817605F4800071B41 /* TRViewController.xib in Resources */ = {isa = PBXBuildFile; fileRef = 180DD36617605F4800071B41 /* TRViewController.xib */; };
		180DD378176060B700071B41 /* Antelope Canyon.jpg in Resources */ = {isa = PBXBuildFile; fileRef = 180DD36F176060B700071B41 /* Antelope Canyon.jpg */; };
		180DD379176060B700071B41 /* Bahamas Aerial.jpg in Resources */ = {isa = PBXBuildFile; fileRef = 180DD370176060B700071B41 /* Bahamas Aerial.jpg */; };
		180DD37A176060B700071B41 /* Beach.jpg in Resources */ = {isa = PBXBuildFile; fileRef = 180DD371176060B700071B41 /* Beach.jpg */; };
		180DD37B176060B700071B41 /* Blue Pond.jpg in Resources */ = {isa = PBXBuildFile; fileRef = 180DD372176060B700071B41 /* Blue Pond.jpg */; };
		180DD37C176060B700071B41 /* Bristle Grass.jpg in Resources */ = {isa = PBXBuildFile; fileRef = 180DD373176060B700071B41 /* Bristle Grass.jpg */; };
		180DD37D176060B700071B41 /* Brushes.jpg in Resources */ = {isa = PBXBuildFile; fileRef = 180DD374176060B700071B41 /* Brushes.jpg */; };
		180DD37E176060B700071B41 /* Circles.jpg in Resources */ = {isa = PBXBuildFile; fileRef = 180DD375176060B700071B41 /* Circles.jpg */; };
		180DD37F176060B700071B41 /* Ducks on a Misty Pond.jpg in Resources */ = {isa = PBXBuildFile; fileRef = 180DD376176060B700071B41 /* Ducks on a Misty Pond.jpg */; };
		180DD380176060B700071B41 /* Galaxy.jpg in Resources */ = {isa = PBXBuildFile; fileRef = 180DD377176060B700071B41 /* Galaxy.jpg */; };
/* End PBXBuildFile section */

/* Begin PBXFileReference section */
		180DD34717605F4800071B41 /* Demo3_ImageView.app */ = {isa = PBXFileReference; explicitFileType = wrapper.application; includeInIndex = 0; path = Demo3_ImageView.app; sourceTree = BUILT_PRODUCTS_DIR; };
		180DD34B17605F4800071B41 /* UIKit.framework */ = {isa = PBXFileReference; lastKnownFileType = wrapper.framework; name = UIKit.framework; path = System/Library/Frameworks/UIKit.framework; sourceTree = SDKROOT; };
		180DD34D17605F4800071B41 /* Foundation.framework */ = {isa = PBXFileReference; lastKnownFileType = wrapper.framework; name = Foundation.framework; path = System/Library/Frameworks/Foundation.framework; sourceTree = SDKROOT; };
		180DD34F17605F4800071B41 /* CoreGraphics.framework */ = {isa = PBXFileReference; lastKnownFileType = wrapper.framework; name = CoreGraphics.framework; path = System/Library/Frameworks/CoreGraphics.framework; sourceTree = SDKROOT; };
		180DD35317605F4800071B41 /* Demo3_ImageView-Info.plist */ = {isa = PBXFileReference; lastKnownFileType = text.plist.xml; path = "Demo3_ImageView-Info.plist"; sourceTree = "<group>"; };
		180DD35517605F4800071B41 /* en */ = {isa = PBXFileReference; lastKnownFileType = text.plist.strings; name = en; path = en.lproj/InfoPlist.strings; sourceTree = "<group>"; };
		180DD35717605F4800071B41 /* main.m */ = {isa = PBXFileReference; lastKnownFileType = sourcecode.c.objc; path = main.m; sourceTree = "<group>"; };
		180DD35917605F4800071B41 /* Demo3_ImageView-Prefix.pch */ = {isa = PBXFileReference; lastKnownFileType = sourcecode.c.h; path = "Demo3_ImageView-Prefix.pch"; sourceTree = "<group>"; };
		180DD35A17605F4800071B41 /* TRAppDelegate.h */ = {isa = PBXFileReference; lastKnownFileType = sourcecode.c.h; path = TRAppDelegate.h; sourceTree = "<group>"; };
		180DD35B17605F4800071B41 /* TRAppDelegate.m */ = {isa = PBXFileReference; lastKnownFileType = sourcecode.c.objc; path = TRAppDelegate.m; sourceTree = "<group>"; };
		180DD35D17605F4800071B41 /* Default.png */ = {isa = PBXFileReference; lastKnownFileType = image.png; path = Default.png; sourceTree = "<group>"; };
		180DD35F17605F4800071B41 /* Default@2x.png */ = {isa = PBXFileReference; lastKnownFileType = image.png; path = "Default@2x.png"; sourceTree = "<group>"; };
		180DD36117605F4800071B41 /* Default-568h@2x.png */ = {isa = PBXFileReference; lastKnownFileType = image.png; path = "Default-568h@2x.png"; sourceTree = "<group>"; };
		180DD36317605F4800071B41 /* TRViewController.h */ = {isa = PBXFileReference; lastKnownFileType = sourcecode.c.h; path = TRViewController.h; sourceTree = "<group>"; };
		180DD36417605F4800071B41 /* TRViewController.m */ = {isa = PBXFileReference; lastKnownFileType = sourcecode.c.objc; path = TRViewController.m; sourceTree = "<group>"; };
		180DD36717605F4800071B41 /* en */ = {isa = PBXFileReference; lastKnownFileType = file.xib; name = en; path = en.lproj/TRViewController.xib; sourceTree = "<group>"; };
		180DD36F176060B700071B41 /* Antelope Canyon.jpg */ = {isa = PBXFileReference; lastKnownFileType = image.jpeg; name = "Antelope Canyon.jpg"; path = "resources/pictures/Antelope Canyon.jpg"; sourceTree = "<group>"; };
		180DD370176060B700071B41 /* Bahamas Aerial.jpg */ = {isa = PBXFileReference; lastKnownFileType = image.jpeg; name = "Bahamas Aerial.jpg"; path = "resources/pictures/Bahamas Aerial.jpg"; sourceTree = "<group>"; };
		180DD371176060B700071B41 /* Beach.jpg */ = {isa = PBXFileReference; lastKnownFileType = image.jpeg; name = Beach.jpg; path = resources/pictures/Beach.jpg; sourceTree = "<group>"; };
		180DD372176060B700071B41 /* Blue Pond.jpg */ = {isa = PBXFileReference; lastKnownFileType = image.jpeg; name = "Blue Pond.jpg"; path = "resources/pictures/Blue Pond.jpg"; sourceTree = "<group>"; };
		180DD373176060B700071B41 /* Bristle Grass.jpg */ = {isa = PBXFileReference; lastKnownFileType = image.jpeg; name = "Bristle Grass.jpg"; path = "resources/pictures/Bristle Grass.jpg"; sourceTree = "<group>"; };
		180DD374176060B700071B41 /* Brushes.jpg */ = {isa = PBXFileReference; lastKnownFileType = image.jpeg; name = Brushes.jpg; path = resources/pictures/Brushes.jpg; sourceTree = "<group>"; };
		180DD375176060B700071B41 /* Circles.jpg */ = {isa = PBXFileReference; lastKnownFileType = image.jpeg; name = Circles.jpg; path = resources/pictures/Circles.jpg; sourceTree = "<group>"; };
		180DD376176060B700071B41 /* Ducks on a Misty Pond.jpg */ = {isa = PBXFileReference; lastKnownFileType = image.jpeg; name = "Ducks on a Misty Pond.jpg"; path = "resources/pictures/Ducks on a Misty Pond.jpg"; sourceTree = "<group>"; };
		180DD377176060B700071B41 /* Galaxy.jpg */ = {isa = PBXFileReference; lastKnownFileType = image.jpeg; name = Galaxy.jpg; path = resources/pictures/Galaxy.jpg; sourceTree = "<group>"; };
/* End PBXFileReference section */

/* Begin PBXFrameworksBuildPhase section */
		180DD34417605F4800071B41 /* Frameworks */ = {
			isa = PBXFrameworksBuildPhase;
			buildActionMask = 2147483647;
			files = (
				180DD34C17605F4800071B41 /* UIKit.framework in Frameworks */,
				180DD34E17605F4800071B41 /* Foundation.framework in Frameworks */,
				180DD35017605F4800071B41 /* CoreGraphics.framework in Frameworks */,
			);
			runOnlyForDeploymentPostprocessing = 0;
		};
/* End PBXFrameworksBuildPhase section */

/* Begin PBXGroup section */
		180DD33C17605F4800071B41 = {
			isa = PBXGroup;
			children = (
				180DD35117605F4800071B41 /* Demo3_ImageView */,
				180DD36E1760600100071B41 /* Resources */,
				180DD34A17605F4800071B41 /* Frameworks */,
				180DD34817605F4800071B41 /* Products */,
			);
			sourceTree = "<group>";
		};
		180DD34817605F4800071B41 /* Products */ = {
			isa = PBXGroup;
			children = (
				180DD34717605F4800071B41 /* Demo3_ImageView.app */,
			);
			name = Products;
			sourceTree = "<group>";
		};
		180DD34A17605F4800071B41 /* Frameworks */ = {
			isa = PBXGroup;
			children = (
				180DD34B17605F4800071B41 /* UIKit.framework */,
				180DD34D17605F4800071B41 /* Foundation.framework */,
				180DD34F17605F4800071B41 /* CoreGraphics.framework */,
			);
			name = Frameworks;
			sourceTree = "<group>";
		};
		180DD35117605F4800071B41 /* Demo3_ImageView */ = {
			isa = PBXGroup;
			children = (
				180DD35A17605F4800071B41 /* TRAppDelegate.h */,
				180DD35B17605F4800071B41 /* TRAppDelegate.m */,
				180DD36317605F4800071B41 /* TRViewController.h */,
				180DD36417605F4800071B41 /* TRViewController.m */,
				180DD36617605F4800071B41 /* TRViewController.xib */,
				180DD35217605F4800071B41 /* Supporting Files */,
			);
			path = Demo3_ImageView;
			sourceTree = "<group>";
		};
		180DD35217605F4800071B41 /* Supporting Files */ = {
			isa = PBXGroup;
			children = (
				180DD35317605F4800071B41 /* Demo3_ImageView-Info.plist */,
				180DD35417605F4800071B41 /* InfoPlist.strings */,
				180DD35717605F4800071B41 /* main.m */,
				180DD35917605F4800071B41 /* Demo3_ImageView-Prefix.pch */,
				180DD35D17605F4800071B41 /* Default.png */,
				180DD35F17605F4800071B41 /* Default@2x.png */,
				180DD36117605F4800071B41 /* Default-568h@2x.png */,
			);
			name = "Supporting Files";
			sourceTree = "<group>";
		};
		180DD36E1760600100071B41 /* Resources */ = {
			isa = PBXGroup;
			children = (
				180DD36F176060B700071B41 /* Antelope Canyon.jpg */,
				180DD370176060B700071B41 /* Bahamas Aerial.jpg */,
				180DD371176060B700071B41 /* Beach.jpg */,
				180DD372176060B700071B41 /* Blue Pond.jpg */,
				180DD373176060B700071B41 /* Bristle Grass.jpg */,
				180DD374176060B700071B41 /* Brushes.jpg */,
				180DD375176060B700071B41 /* Circles.jpg */,
				180DD376176060B700071B41 /* Ducks on a Misty Pond.jpg */,
				180DD377176060B700071B41 /* Galaxy.jpg */,
			);
			name = Resources;
			path = Demo3_ImageView;
			sourceTree = "<group>";
		};
/* End PBXGroup section */

/* Begin PBXNativeTarget section */
		180DD34617605F4800071B41 /* Demo3_ImageView */ = {
			isa = PBXNativeTarget;
			buildConfigurationList = 180DD36B17605F4800071B41 /* Build configuration list for PBXNativeTarget "Demo3_ImageView" */;
			buildPhases = (
				180DD34317605F4800071B41 /* Sources */,
				180DD34417605F4800071B41 /* Frameworks */,
				180DD34517605F4800071B41 /* Resources */,
			);
			buildRules = (
			);
			dependencies = (
			);
			name = Demo3_ImageView;
			productName = Demo3_ImageView;
			productReference = 180DD34717605F4800071B41 /* Demo3_ImageView.app */;
			productType = "com.apple.product-type.application";
		};
/* End PBXNativeTarget section */

/* Begin PBXProject section */
		180DD33E17605F4800071B41 /* Project object */ = {
			isa = PBXProject;
			attributes = {
				CLASSPREFIX = TR;
				LastUpgradeCheck = 0450;
				ORGANIZATIONNAME = tarena;
			};
			buildConfigurationList = 180DD34117605F4800071B41 /* Build configuration list for PBXProject "Demo3_ImageView" */;
			compatibilityVersion = "Xcode 3.2";
			developmentRegion = English;
			hasScannedForEncodings = 0;
			knownRegions = (
				en,
			);
			mainGroup = 180DD33C17605F4800071B41;
			productRefGroup = 180DD34817605F4800071B41 /* Products */;
			projectDirPath = "";
			projectRoot = "";
			targets = (
				180DD34617605F4800071B41 /* Demo3_ImageView */,
			);
		};
/* End PBXProject section */

/* Begin PBXResourcesBuildPhase section */
		180DD34517605F4800071B41 /* Resources */ = {
			isa = PBXResourcesBuildPhase;
			buildActionMask = 2147483647;
			files = (
				180DD35617605F4800071B41 /* InfoPlist.strings in Resources */,
				180DD35E17605F4800071B41 /* Default.png in Resources */,
				180DD36017605F4800071B41 /* Default@2x.png in Resources */,
				180DD36217605F4800071B41 /* Default-568h@2x.png in Resources */,
				180DD36817605F4800071B41 /* TRViewController.xib in Resources */,
				180DD378176060B700071B41 /* Antelope Canyon.jpg in Resources */,
				180DD379176060B700071B41 /* Bahamas Aerial.jpg in Resources */,
				180DD37A176060B700071B41 /* Beach.jpg in Resources */,
				180DD37B176060B700071B41 /* Blue Pond.jpg in Resources */,
				180DD37C176060B700071B41 /* Bristle Grass.jpg in Resources */,
				180DD37D176060B700071B41 /* Brushes.jpg in Resources */,
				180DD37E176060B700071B41 /* Circles.jpg in Resources */,
				180DD37F176060B700071B41 /* Ducks on a Misty Pond.jpg in Resources */,
				180DD380176060B700071B41 /* Galaxy.jpg in Resources */,
			);
			runOnlyForDeploymentPostprocessing = 0;
		};
/* End PBXResourcesBuildPhase section */

/* Begin PBXSourcesBuildPhase section */
		180DD34317605F4800071B41 /* Sources */ = {
			isa = PBXSourcesBuildPhase;
			buildActionMask = 2147483647;
			files = (
				180DD35817605F4800071B41 /* main.m in Sources */,
				180DD35C17605F4800071B41 /* TRAppDelegate.m in Sources */,
				180DD36517605F4800071B41 /* TRViewController.m in Sources */,
			);
			runOnlyForDeploymentPostprocessing = 0;
		};
/* End PBXSourcesBuildPhase section */

/* Begin PBXVariantGroup section */
		180DD35417605F4800071B41 /* InfoPlist.strings */ = {
			isa = PBXVariantGroup;
			children = (
				180DD35517605F4800071B41 /* en */,
			);
			name = InfoPlist.strings;
			sourceTree = "<group>";
		};
		180DD36617605F4800071B41 /* TRViewController.xib */ = {
			isa = PBXVariantGroup;
			children = (
				180DD36717605F4800071B41 /* en */,
			);
			name = TRViewController.xib;
			sourceTree = "<group>";
		};
/* End PBXVariantGroup section */

/* Begin XCBuildConfiguration section */
		180DD36917605F4800071B41 /* Debug */ = {
			isa = XCBuildConfiguration;
			buildSettings = {
				ALWAYS_SEARCH_USER_PATHS = NO;
				CLANG_CXX_LANGUAGE_STANDARD = "gnu++0x";
				CLANG_CXX_LIBRARY = "libc++";
				CLANG_WARN_EMPTY_BODY = YES;
				CLANG_WARN__DUPLICATE_METHOD_MATCH = YES;
				"CODE_SIGN_IDENTITY[sdk=iphoneos*]" = "iPhone Developer";
				COPY_PHASE_STRIP = NO;
				GCC_C_LANGUAGE_STANDARD = gnu99;
				GCC_DYNAMIC_NO_PIC = NO;
				GCC_OPTIMIZATION_LEVEL = 0;
				GCC_PREPROCESSOR_DEFINITIONS = (
					"DEBUG=1",
					"$(inherited)",
				);
				GCC_SYMBOLS_PRIVATE_EXTERN = NO;
				GCC_WARN_ABOUT_RETURN_TYPE = YES;
				GCC_WARN_UNINITIALIZED_AUTOS = YES;
				GCC_WARN_UNUSED_VARIABLE = YES;
				IPHONEOS_DEPLOYMENT_TARGET = 6.0;
				ONLY_ACTIVE_ARCH = YES;
				SDKROOT = iphoneos;
			};
			name = Debug;
		};
		180DD36A17605F4800071B41 /* Release */ = {
			isa = XCBuildConfiguration;
			buildSettings = {
				ALWAYS_SEARCH_USER_PATHS = NO;
				CLANG_CXX_LANGUAGE_STANDARD = "gnu++0x";
				CLANG_CXX_LIBRARY = "libc++";
				CLANG_WARN_EMPTY_BODY = YES;
				CLANG_WARN__DUPLICATE_METHOD_MATCH = YES;
				"CODE_SIGN_IDENTITY[sdk=iphoneos*]" = "iPhone Developer";
				COPY_PHASE_STRIP = YES;
				GCC_C_LANGUAGE_STANDARD = gnu99;
				GCC_WARN_ABOUT_RETURN_TYPE = YES;
				GCC_WARN_UNINITIALIZED_AUTOS = YES;
				GCC_WARN_UNUSED_VARIABLE = YES;
				IPHONEOS_DEPLOYMENT_TARGET = 6.0;
				OTHER_CFLAGS = "-DNS_BLOCK_ASSERTIONS=1";
				SDKROOT = iphoneos;
				VALIDATE_PRODUCT = YES;
			};
			name = Release;
		};
		180DD36C17605F4800071B41 /* Debug */ = {
			isa = XCBuildConfiguration;
			buildSettings = {
				GCC_PRECOMPILE_PREFIX_HEADER = YES;
				GCC_PREFIX_HEADER = "Demo3_ImageView/Demo3_ImageView-Prefix.pch";
				INFOPLIST_FILE = "Demo3_ImageView/Demo3_ImageView-Info.plist";
				PRODUCT_NAME = "$(TARGET_NAME)";
				WRAPPER_EXTENSION = app;
			};
			name = Debug;
		};
		180DD36D17605F4800071B41 /* Release */ = {
			isa = XCBuildConfiguration;
			buildSettings = {
				GCC_PRECOMPILE_PREFIX_HEADER = YES;
				GCC_PREFIX_HEADER = "Demo3_ImageView/Demo3_ImageView-Prefix.pch";
				INFOPLIST_FILE = "Demo3_ImageView/Demo3_ImageView-Info.plist";
				PRODUCT_NAME = "$(TARGET_NAME)";
				WRAPPER_EXTENSION = app;
			};
			name = Release;
		};
/* End XCBuildConfiguration section */

/* Begin XCConfigurationList section */
		180DD34117605F4800071B41 /* Build configuration list for PBXProject "Demo3_ImageView" */ = {
			isa = XCConfigurationList;
			buildConfigurations = (
				180DD36917605F4800071B41 /* Debug */,
				180DD36A17605F4800071B41 /* Release */,
			);
			defaultConfigurationIsVisible = 0;
			defaultConfigurationName = Release;
		};
		180DD36B17605F4800071B41 /* Build configuration list for PBXNativeTarget "Demo3_ImageView" */ = {
			isa = XCConfigurationList;
			buildConfigurations = (
				180DD36C17605F4800071B41 /* Debug */,
				180DD36D17605F4800071B41 /* Release */,
			);
			defaultConfigurationIsVisible = 0;
		};
/* End XCConfigurationList section */
	};
	rootObject = 180DD33E17605F4800071B41 /* Project object */;
}
