// !$*UTF8*$!
{
	archiveVersion = 1;
	classes = {
	};
	objectVersion = 46;
	objects = {

/* Begin PBXBuildFile section */
		1888AE0517699F62006440F2 /* UIKit.framework in Frameworks */ = {isa = PBXBuildFile; fileRef = 1888AE0417699F62006440F2 /* UIKit.framework */; };
		1888AE0717699F62006440F2 /* Foundation.framework in Frameworks */ = {isa = PBXBuildFile; fileRef = 1888AE0617699F62006440F2 /* Foundation.framework */; };
		1888AE0917699F62006440F2 /* CoreGraphics.framework in Frameworks */ = {isa = PBXBuildFile; fileRef = 1888AE0817699F62006440F2 /* CoreGraphics.framework */; };
		1888AE0F17699F62006440F2 /* InfoPlist.strings in Resources */ = {isa = PBXBuildFile; fileRef = 1888AE0D17699F62006440F2 /* InfoPlist.strings */; };
		1888AE1117699F62006440F2 /* main.m in Sources */ = {isa = PBXBuildFile; fileRef = 1888AE1017699F62006440F2 /* main.m */; };
		1888AE1517699F62006440F2 /* TRAppDelegate.m in Sources */ = {isa = PBXBuildFile; fileRef = 1888AE1417699F62006440F2 /* TRAppDelegate.m */; };
		1888AE1717699F62006440F2 /* Default.png in Resources */ = {isa = PBXBuildFile; fileRef = 1888AE1617699F62006440F2 /* Default.png */; };
		1888AE1917699F62006440F2 /* Default@2x.png in Resources */ = {isa = PBXBuildFile; fileRef = 1888AE1817699F62006440F2 /* Default@2x.png */; };
		1888AE1B17699F62006440F2 /* Default-568h@2x.png in Resources */ = {isa = PBXBuildFile; fileRef = 1888AE1A17699F62006440F2 /* Default-568h@2x.png */; };
		1888AE1E17699F62006440F2 /* TRViewController.m in Sources */ = {isa = PBXBuildFile; fileRef = 1888AE1D17699F62006440F2 /* TRViewController.m */; };
		1888AE2117699F62006440F2 /* TRViewController.xib in Resources */ = {isa = PBXBuildFile; fileRef = 1888AE1F17699F62006440F2 /* TRViewController.xib */; };
		1888AE341769AA54006440F2 /* TRArea.m in Sources */ = {isa = PBXBuildFile; fileRef = 1888AE301769AA54006440F2 /* TRArea.m */; };
		1888AE351769AA54006440F2 /* TRAreaViewController.m in Sources */ = {isa = PBXBuildFile; fileRef = 1888AE321769AA54006440F2 /* TRAreaViewController.m */; };
		1888AE361769AA54006440F2 /* TRAreaViewController.xib in Resources */ = {isa = PBXBuildFile; fileRef = 1888AE331769AA54006440F2 /* TRAreaViewController.xib */; };
/* End PBXBuildFile section */

/* Begin PBXFileReference section */
		1888AE0017699F62006440F2 /* Demo3_TableView_Area_Selection.app */ = {isa = PBXFileReference; explicitFileType = wrapper.application; includeInIndex = 0; path = Demo3_TableView_Area_Selection.app; sourceTree = BUILT_PRODUCTS_DIR; };
		1888AE0417699F62006440F2 /* UIKit.framework */ = {isa = PBXFileReference; lastKnownFileType = wrapper.framework; name = UIKit.framework; path = System/Library/Frameworks/UIKit.framework; sourceTree = SDKROOT; };
		1888AE0617699F62006440F2 /* Foundation.framework */ = {isa = PBXFileReference; lastKnownFileType = wrapper.framework; name = Foundation.framework; path = System/Library/Frameworks/Foundation.framework; sourceTree = SDKROOT; };
		1888AE0817699F62006440F2 /* CoreGraphics.framework */ = {isa = PBXFileReference; lastKnownFileType = wrapper.framework; name = CoreGraphics.framework; path = System/Library/Frameworks/CoreGraphics.framework; sourceTree = SDKROOT; };
		1888AE0C17699F62006440F2 /* Demo3_TableView_Area_Selection-Info.plist */ = {isa = PBXFileReference; lastKnownFileType = text.plist.xml; path = "Demo3_TableView_Area_Selection-Info.plist"; sourceTree = "<group>"; };
		1888AE0E17699F62006440F2 /* en */ = {isa = PBXFileReference; lastKnownFileType = text.plist.strings; name = en; path = en.lproj/InfoPlist.strings; sourceTree = "<group>"; };
		1888AE1017699F62006440F2 /* main.m */ = {isa = PBXFileReference; lastKnownFileType = sourcecode.c.objc; path = main.m; sourceTree = "<group>"; };
		1888AE1217699F62006440F2 /* Demo3_TableView_Area_Selection-Prefix.pch */ = {isa = PBXFileReference; lastKnownFileType = sourcecode.c.h; path = "Demo3_TableView_Area_Selection-Prefix.pch"; sourceTree = "<group>"; };
		1888AE1317699F62006440F2 /* TRAppDelegate.h */ = {isa = PBXFileReference; lastKnownFileType = sourcecode.c.h; path = TRAppDelegate.h; sourceTree = "<group>"; };
		1888AE1417699F62006440F2 /* TRAppDelegate.m */ = {isa = PBXFileReference; lastKnownFileType = sourcecode.c.objc; path = TRAppDelegate.m; sourceTree = "<group>"; };
		1888AE1617699F62006440F2 /* Default.png */ = {isa = PBXFileReference; lastKnownFileType = image.png; path = Default.png; sourceTree = "<group>"; };
		1888AE1817699F62006440F2 /* Default@2x.png */ = {isa = PBXFileReference; lastKnownFileType = image.png; path = "Default@2x.png"; sourceTree = "<group>"; };
		1888AE1A17699F62006440F2 /* Default-568h@2x.png */ = {isa = PBXFileReference; lastKnownFileType = image.png; path = "Default-568h@2x.png"; sourceTree = "<group>"; };
		1888AE1C17699F62006440F2 /* TRViewController.h */ = {isa = PBXFileReference; lastKnownFileType = sourcecode.c.h; path = TRViewController.h; sourceTree = "<group>"; };
		1888AE1D17699F62006440F2 /* TRViewController.m */ = {isa = PBXFileReference; lastKnownFileType = sourcecode.c.objc; path = TRViewController.m; sourceTree = "<group>"; };
		1888AE2017699F62006440F2 /* en */ = {isa = PBXFileReference; lastKnownFileType = file.xib; name = en; path = en.lproj/TRViewController.xib; sourceTree = "<group>"; };
		1888AE2F1769AA54006440F2 /* TRArea.h */ = {isa = PBXFileReference; fileEncoding = 4; lastKnownFileType = sourcecode.c.h; path = TRArea.h; sourceTree = "<group>"; };
		1888AE301769AA54006440F2 /* TRArea.m */ = {isa = PBXFileReference; fileEncoding = 4; lastKnownFileType = sourcecode.c.objc; path = TRArea.m; sourceTree = "<group>"; };
		1888AE311769AA54006440F2 /* TRAreaViewController.h */ = {isa = PBXFileReference; fileEncoding = 4; lastKnownFileType = sourcecode.c.h; path = TRAreaViewController.h; sourceTree = "<group>"; };
		1888AE321769AA54006440F2 /* TRAreaViewController.m */ = {isa = PBXFileReference; fileEncoding = 4; lastKnownFileType = sourcecode.c.objc; path = TRAreaViewController.m; sourceTree = "<group>"; };
		1888AE331769AA54006440F2 /* TRAreaViewController.xib */ = {isa = PBXFileReference; fileEncoding = 4; lastKnownFileType = file.xib; path = TRAreaViewController.xib; sourceTree = "<group>"; };
/* End PBXFileReference section */

/* Begin PBXFrameworksBuildPhase section */
		1888ADFD17699F62006440F2 /* Frameworks */ = {
			isa = PBXFrameworksBuildPhase;
			buildActionMask = 2147483647;
			files = (
				1888AE0517699F62006440F2 /* UIKit.framework in Frameworks */,
				1888AE0717699F62006440F2 /* Foundation.framework in Frameworks */,
				1888AE0917699F62006440F2 /* CoreGraphics.framework in Frameworks */,
			);
			runOnlyForDeploymentPostprocessing = 0;
		};
/* End PBXFrameworksBuildPhase section */

/* Begin PBXGroup section */
		1888ADF517699F62006440F2 = {
			isa = PBXGroup;
			children = (
				1888AE0A17699F62006440F2 /* Demo3_TableView_Area_Selection */,
				1888AE0317699F62006440F2 /* Frameworks */,
				1888AE0117699F62006440F2 /* Products */,
			);
			sourceTree = "<group>";
		};
		1888AE0117699F62006440F2 /* Products */ = {
			isa = PBXGroup;
			children = (
				1888AE0017699F62006440F2 /* Demo3_TableView_Area_Selection.app */,
			);
			name = Products;
			sourceTree = "<group>";
		};
		1888AE0317699F62006440F2 /* Frameworks */ = {
			isa = PBXGroup;
			children = (
				1888AE0417699F62006440F2 /* UIKit.framework */,
				1888AE0617699F62006440F2 /* Foundation.framework */,
				1888AE0817699F62006440F2 /* CoreGraphics.framework */,
			);
			name = Frameworks;
			sourceTree = "<group>";
		};
		1888AE0A17699F62006440F2 /* Demo3_TableView_Area_Selection */ = {
			isa = PBXGroup;
			children = (
				1888AE1317699F62006440F2 /* TRAppDelegate.h */,
				1888AE1417699F62006440F2 /* TRAppDelegate.m */,
				1888AE1C17699F62006440F2 /* TRViewController.h */,
				1888AE1D17699F62006440F2 /* TRViewController.m */,
				1888AE1F17699F62006440F2 /* TRViewController.xib */,
				1888AE2F1769AA54006440F2 /* TRArea.h */,
				1888AE301769AA54006440F2 /* TRArea.m */,
				1888AE311769AA54006440F2 /* TRAreaViewController.h */,
				1888AE321769AA54006440F2 /* TRAreaViewController.m */,
				1888AE331769AA54006440F2 /* TRAreaViewController.xib */,
				1888AE0B17699F62006440F2 /* Supporting Files */,
			);
			path = Demo3_TableView_Area_Selection;
			sourceTree = "<group>";
		};
		1888AE0B17699F62006440F2 /* Supporting Files */ = {
			isa = PBXGroup;
			children = (
				1888AE0C17699F62006440F2 /* Demo3_TableView_Area_Selection-Info.plist */,
				1888AE0D17699F62006440F2 /* InfoPlist.strings */,
				1888AE1017699F62006440F2 /* main.m */,
				1888AE1217699F62006440F2 /* Demo3_TableView_Area_Selection-Prefix.pch */,
				1888AE1617699F62006440F2 /* Default.png */,
				1888AE1817699F62006440F2 /* Default@2x.png */,
				1888AE1A17699F62006440F2 /* Default-568h@2x.png */,
			);
			name = "Supporting Files";
			sourceTree = "<group>";
		};
/* End PBXGroup section */

/* Begin PBXNativeTarget section */
		1888ADFF17699F62006440F2 /* Demo3_TableView_Area_Selection */ = {
			isa = PBXNativeTarget;
			buildConfigurationList = 1888AE2417699F62006440F2 /* Build configuration list for PBXNativeTarget "Demo3_TableView_Area_Selection" */;
			buildPhases = (
				1888ADFC17699F62006440F2 /* Sources */,
				1888ADFD17699F62006440F2 /* Frameworks */,
				1888ADFE17699F62006440F2 /* Resources */,
			);
			buildRules = (
			);
			dependencies = (
			);
			name = Demo3_TableView_Area_Selection;
			productName = Demo3_TableView_Area_Selection;
			productReference = 1888AE0017699F62006440F2 /* Demo3_TableView_Area_Selection.app */;
			productType = "com.apple.product-type.application";
		};
/* End PBXNativeTarget section */

/* Begin PBXProject section */
		1888ADF717699F62006440F2 /* Project object */ = {
			isa = PBXProject;
			attributes = {
				CLASSPREFIX = TR;
				LastUpgradeCheck = 0450;
				ORGANIZATIONNAME = tarena;
			};
			buildConfigurationList = 1888ADFA17699F62006440F2 /* Build configuration list for PBXProject "Demo3_TableView_Area_Selection" */;
			compatibilityVersion = "Xcode 3.2";
			developmentRegion = English;
			hasScannedForEncodings = 0;
			knownRegions = (
				en,
			);
			mainGroup = 1888ADF517699F62006440F2;
			productRefGroup = 1888AE0117699F62006440F2 /* Products */;
			projectDirPath = "";
			projectRoot = "";
			targets = (
				1888ADFF17699F62006440F2 /* Demo3_TableView_Area_Selection */,
			);
		};
/* End PBXProject section */

/* Begin PBXResourcesBuildPhase section */
		1888ADFE17699F62006440F2 /* Resources */ = {
			isa = PBXResourcesBuildPhase;
			buildActionMask = 2147483647;
			files = (
				1888AE0F17699F62006440F2 /* InfoPlist.strings in Resources */,
				1888AE1717699F62006440F2 /* Default.png in Resources */,
				1888AE1917699F62006440F2 /* Default@2x.png in Resources */,
				1888AE1B17699F62006440F2 /* Default-568h@2x.png in Resources */,
				1888AE2117699F62006440F2 /* TRViewController.xib in Resources */,
				1888AE361769AA54006440F2 /* TRAreaViewController.xib in Resources */,
			);
			runOnlyForDeploymentPostprocessing = 0;
		};
/* End PBXResourcesBuildPhase section */

/* Begin PBXSourcesBuildPhase section */
		1888ADFC17699F62006440F2 /* Sources */ = {
			isa = PBXSourcesBuildPhase;
			buildActionMask = 2147483647;
			files = (
				1888AE1117699F62006440F2 /* main.m in Sources */,
				1888AE1517699F62006440F2 /* TRAppDelegate.m in Sources */,
				1888AE1E17699F62006440F2 /* TRViewController.m in Sources */,
				1888AE341769AA54006440F2 /* TRArea.m in Sources */,
				1888AE351769AA54006440F2 /* TRAreaViewController.m in Sources */,
			);
			runOnlyForDeploymentPostprocessing = 0;
		};
/* End PBXSourcesBuildPhase section */

/* Begin PBXVariantGroup section */
		1888AE0D17699F62006440F2 /* InfoPlist.strings */ = {
			isa = PBXVariantGroup;
			children = (
				1888AE0E17699F62006440F2 /* en */,
			);
			name = InfoPlist.strings;
			sourceTree = "<group>";
		};
		1888AE1F17699F62006440F2 /* TRViewController.xib */ = {
			isa = PBXVariantGroup;
			children = (
				1888AE2017699F62006440F2 /* en */,
			);
			name = TRViewController.xib;
			sourceTree = "<group>";
		};
/* End PBXVariantGroup section */

/* Begin XCBuildConfiguration section */
		1888AE2217699F62006440F2 /* Debug */ = {
			isa = XCBuildConfiguration;
			buildSettings = {
				ALWAYS_SEARCH_USER_PATHS = NO;
				CLANG_CXX_LANGUAGE_STANDARD = "gnu++0x";
				CLANG_CXX_LIBRARY = "libc++";
				CLANG_WARN_EMPTY_BODY = YES;
				CLANG_WARN__DUPLICATE_METHOD_MATCH = YES;
				"CODE_SIGN_IDENTITY[sdk=iphoneos*]" = "iPhone Developer";
				COPY_PHASE_STRIP = NO;
				GCC_C_LANGUAGE_STANDARD = gnu99;
				GCC_DYNAMIC_NO_PIC = NO;
				GCC_OPTIMIZATION_LEVEL = 0;
				GCC_PREPROCESSOR_DEFINITIONS = (
					"DEBUG=1",
					"$(inherited)",
				);
				GCC_SYMBOLS_PRIVATE_EXTERN = NO;
				GCC_WARN_ABOUT_RETURN_TYPE = YES;
				GCC_WARN_UNINITIALIZED_AUTOS = YES;
				GCC_WARN_UNUSED_VARIABLE = YES;
				IPHONEOS_DEPLOYMENT_TARGET = 6.0;
				ONLY_ACTIVE_ARCH = YES;
				SDKROOT = iphoneos;
			};
			name = Debug;
		};
		1888AE2317699F62006440F2 /* Release */ = {
			isa = XCBuildConfiguration;
			buildSettings = {
				ALWAYS_SEARCH_USER_PATHS = NO;
				CLANG_CXX_LANGUAGE_STANDARD = "gnu++0x";
				CLANG_CXX_LIBRARY = "libc++";
				CLANG_WARN_EMPTY_BODY = YES;
				CLANG_WARN__DUPLICATE_METHOD_MATCH = YES;
				"CODE_SIGN_IDENTITY[sdk=iphoneos*]" = "iPhone Developer";
				COPY_PHASE_STRIP = YES;
				GCC_C_LANGUAGE_STANDARD = gnu99;
				GCC_WARN_ABOUT_RETURN_TYPE = YES;
				GCC_WARN_UNINITIALIZED_AUTOS = YES;
				GCC_WARN_UNUSED_VARIABLE = YES;
				IPHONEOS_DEPLOYMENT_TARGET = 6.0;
				OTHER_CFLAGS = "-DNS_BLOCK_ASSERTIONS=1";
				SDKROOT = iphoneos;
				VALIDATE_PRODUCT = YES;
			};
			name = Release;
		};
		1888AE2517699F62006440F2 /* Debug */ = {
			isa = XCBuildConfiguration;
			buildSettings = {
				GCC_PRECOMPILE_PREFIX_HEADER = YES;
				GCC_PREFIX_HEADER = "Demo3_TableView_Area_Selection/Demo3_TableView_Area_Selection-Prefix.pch";
				INFOPLIST_FILE = "Demo3_TableView_Area_Selection/Demo3_TableView_Area_Selection-Info.plist";
				PRODUCT_NAME = "$(TARGET_NAME)";
				WRAPPER_EXTENSION = app;
			};
			name = Debug;
		};
		1888AE2617699F62006440F2 /* Release */ = {
			isa = XCBuildConfiguration;
			buildSettings = {
				GCC_PRECOMPILE_PREFIX_HEADER = YES;
				GCC_PREFIX_HEADER = "Demo3_TableView_Area_Selection/Demo3_TableView_Area_Selection-Prefix.pch";
				INFOPLIST_FILE = "Demo3_TableView_Area_Selection/Demo3_TableView_Area_Selection-Info.plist";
				PRODUCT_NAME = "$(TARGET_NAME)";
				WRAPPER_EXTENSION = app;
			};
			name = Release;
		};
/* End XCBuildConfiguration section */

/* Begin XCConfigurationList section */
		1888ADFA17699F62006440F2 /* Build configuration list for PBXProject "Demo3_TableView_Area_Selection" */ = {
			isa = XCConfigurationList;
			buildConfigurations = (
				1888AE2217699F62006440F2 /* Debug */,
				1888AE2317699F62006440F2 /* Release */,
			);
			defaultConfigurationIsVisible = 0;
			defaultConfigurationName = Release;
		};
		1888AE2417699F62006440F2 /* Build configuration list for PBXNativeTarget "Demo3_TableView_Area_Selection" */ = {
			isa = XCConfigurationList;
			buildConfigurations = (
				1888AE2517699F62006440F2 /* Debug */,
				1888AE2617699F62006440F2 /* Release */,
			);
			defaultConfigurationIsVisible = 0;
		};
/* End XCConfigurationList section */
	};
	rootObject = 1888ADF717699F62006440F2 /* Project object */;
}
