// !$*UTF8*$!
{
	archiveVersion = 1;
	classes = {
	};
	objectVersion = 46;
	objects = {

/* Begin PBXBuildFile section */
		18145E88176322C200D89AA4 /* UIKit.framework in Frameworks */ = {isa = PBXBuildFile; fileRef = 18145E87176322C200D89AA4 /* UIKit.framework */; };
		18145E8A176322C200D89AA4 /* Foundation.framework in Frameworks */ = {isa = PBXBuildFile; fileRef = 18145E89176322C200D89AA4 /* Foundation.framework */; };
		18145E8C176322C200D89AA4 /* CoreGraphics.framework in Frameworks */ = {isa = PBXBuildFile; fileRef = 18145E8B176322C200D89AA4 /* CoreGraphics.framework */; };
		18145E92176322C200D89AA4 /* InfoPlist.strings in Resources */ = {isa = PBXBuildFile; fileRef = 18145E90176322C200D89AA4 /* InfoPlist.strings */; };
		18145E94176322C200D89AA4 /* main.m in Sources */ = {isa = PBXBuildFile; fileRef = 18145E93176322C200D89AA4 /* main.m */; };
		18145E98176322C200D89AA4 /* TRAppDelegate.m in Sources */ = {isa = PBXBuildFile; fileRef = 18145E97176322C200D89AA4 /* TRAppDelegate.m */; };
		18145E9A176322C200D89AA4 /* Default.png in Resources */ = {isa = PBXBuildFile; fileRef = 18145E99176322C200D89AA4 /* Default.png */; };
		18145E9C176322C200D89AA4 /* Default@2x.png in Resources */ = {isa = PBXBuildFile; fileRef = 18145E9B176322C200D89AA4 /* Default@2x.png */; };
		18145E9E176322C200D89AA4 /* Default-568h@2x.png in Resources */ = {isa = PBXBuildFile; fileRef = 18145E9D176322C200D89AA4 /* Default-568h@2x.png */; };
		18145EAD176322FF00D89AA4 /* TRAreaViewController.m in Sources */ = {isa = PBXBuildFile; fileRef = 18145EAB176322FF00D89AA4 /* TRAreaViewController.m */; };
		18145EAE176322FF00D89AA4 /* TRAreaViewController.xib in Resources */ = {isa = PBXBuildFile; fileRef = 18145EAC176322FF00D89AA4 /* TRAreaViewController.xib */; };
		18145EB11763237A00D89AA4 /* TRArea.m in Sources */ = {isa = PBXBuildFile; fileRef = 18145EB01763237A00D89AA4 /* TRArea.m */; };
/* End PBXBuildFile section */

/* Begin PBXFileReference section */
		18145E83176322C200D89AA4 /* Demo3_Area.app */ = {isa = PBXFileReference; explicitFileType = wrapper.application; includeInIndex = 0; path = Demo3_Area.app; sourceTree = BUILT_PRODUCTS_DIR; };
		18145E87176322C200D89AA4 /* UIKit.framework */ = {isa = PBXFileReference; lastKnownFileType = wrapper.framework; name = UIKit.framework; path = System/Library/Frameworks/UIKit.framework; sourceTree = SDKROOT; };
		18145E89176322C200D89AA4 /* Foundation.framework */ = {isa = PBXFileReference; lastKnownFileType = wrapper.framework; name = Foundation.framework; path = System/Library/Frameworks/Foundation.framework; sourceTree = SDKROOT; };
		18145E8B176322C200D89AA4 /* CoreGraphics.framework */ = {isa = PBXFileReference; lastKnownFileType = wrapper.framework; name = CoreGraphics.framework; path = System/Library/Frameworks/CoreGraphics.framework; sourceTree = SDKROOT; };
		18145E8F176322C200D89AA4 /* Demo3_Area-Info.plist */ = {isa = PBXFileReference; lastKnownFileType = text.plist.xml; path = "Demo3_Area-Info.plist"; sourceTree = "<group>"; };
		18145E91176322C200D89AA4 /* en */ = {isa = PBXFileReference; lastKnownFileType = text.plist.strings; name = en; path = en.lproj/InfoPlist.strings; sourceTree = "<group>"; };
		18145E93176322C200D89AA4 /* main.m */ = {isa = PBXFileReference; lastKnownFileType = sourcecode.c.objc; path = main.m; sourceTree = "<group>"; };
		18145E95176322C200D89AA4 /* Demo3_Area-Prefix.pch */ = {isa = PBXFileReference; lastKnownFileType = sourcecode.c.h; path = "Demo3_Area-Prefix.pch"; sourceTree = "<group>"; };
		18145E96176322C200D89AA4 /* TRAppDelegate.h */ = {isa = PBXFileReference; lastKnownFileType = sourcecode.c.h; path = TRAppDelegate.h; sourceTree = "<group>"; };
		18145E97176322C200D89AA4 /* TRAppDelegate.m */ = {isa = PBXFileReference; lastKnownFileType = sourcecode.c.objc; path = TRAppDelegate.m; sourceTree = "<group>"; };
		18145E99176322C200D89AA4 /* Default.png */ = {isa = PBXFileReference; lastKnownFileType = image.png; path = Default.png; sourceTree = "<group>"; };
		18145E9B176322C200D89AA4 /* Default@2x.png */ = {isa = PBXFileReference; lastKnownFileType = image.png; path = "Default@2x.png"; sourceTree = "<group>"; };
		18145E9D176322C200D89AA4 /* Default-568h@2x.png */ = {isa = PBXFileReference; lastKnownFileType = image.png; path = "Default-568h@2x.png"; sourceTree = "<group>"; };
		18145EAA176322FF00D89AA4 /* TRAreaViewController.h */ = {isa = PBXFileReference; fileEncoding = 4; lastKnownFileType = sourcecode.c.h; path = TRAreaViewController.h; sourceTree = "<group>"; };
		18145EAB176322FF00D89AA4 /* TRAreaViewController.m */ = {isa = PBXFileReference; fileEncoding = 4; lastKnownFileType = sourcecode.c.objc; path = TRAreaViewController.m; sourceTree = "<group>"; };
		18145EAC176322FF00D89AA4 /* TRAreaViewController.xib */ = {isa = PBXFileReference; fileEncoding = 4; lastKnownFileType = file.xib; path = TRAreaViewController.xib; sourceTree = "<group>"; };
		18145EAF1763237A00D89AA4 /* TRArea.h */ = {isa = PBXFileReference; fileEncoding = 4; lastKnownFileType = sourcecode.c.h; path = TRArea.h; sourceTree = "<group>"; };
		18145EB01763237A00D89AA4 /* TRArea.m */ = {isa = PBXFileReference; fileEncoding = 4; lastKnownFileType = sourcecode.c.objc; path = TRArea.m; sourceTree = "<group>"; };
/* End PBXFileReference section */

/* Begin PBXFrameworksBuildPhase section */
		18145E80176322C200D89AA4 /* Frameworks */ = {
			isa = PBXFrameworksBuildPhase;
			buildActionMask = 2147483647;
			files = (
				18145E88176322C200D89AA4 /* UIKit.framework in Frameworks */,
				18145E8A176322C200D89AA4 /* Foundation.framework in Frameworks */,
				18145E8C176322C200D89AA4 /* CoreGraphics.framework in Frameworks */,
			);
			runOnlyForDeploymentPostprocessing = 0;
		};
/* End PBXFrameworksBuildPhase section */

/* Begin PBXGroup section */
		18145E78176322C100D89AA4 = {
			isa = PBXGroup;
			children = (
				18145E8D176322C200D89AA4 /* Demo3_Area */,
				18145E86176322C200D89AA4 /* Frameworks */,
				18145E84176322C200D89AA4 /* Products */,
			);
			sourceTree = "<group>";
		};
		18145E84176322C200D89AA4 /* Products */ = {
			isa = PBXGroup;
			children = (
				18145E83176322C200D89AA4 /* Demo3_Area.app */,
			);
			name = Products;
			sourceTree = "<group>";
		};
		18145E86176322C200D89AA4 /* Frameworks */ = {
			isa = PBXGroup;
			children = (
				18145E87176322C200D89AA4 /* UIKit.framework */,
				18145E89176322C200D89AA4 /* Foundation.framework */,
				18145E8B176322C200D89AA4 /* CoreGraphics.framework */,
			);
			name = Frameworks;
			sourceTree = "<group>";
		};
		18145E8D176322C200D89AA4 /* Demo3_Area */ = {
			isa = PBXGroup;
			children = (
				18145E96176322C200D89AA4 /* TRAppDelegate.h */,
				18145E97176322C200D89AA4 /* TRAppDelegate.m */,
				18145EAF1763237A00D89AA4 /* TRArea.h */,
				18145EB01763237A00D89AA4 /* TRArea.m */,
				18145EAA176322FF00D89AA4 /* TRAreaViewController.h */,
				18145EAB176322FF00D89AA4 /* TRAreaViewController.m */,
				18145EAC176322FF00D89AA4 /* TRAreaViewController.xib */,
				18145E8E176322C200D89AA4 /* Supporting Files */,
			);
			path = Demo3_Area;
			sourceTree = "<group>";
		};
		18145E8E176322C200D89AA4 /* Supporting Files */ = {
			isa = PBXGroup;
			children = (
				18145E8F176322C200D89AA4 /* Demo3_Area-Info.plist */,
				18145E90176322C200D89AA4 /* InfoPlist.strings */,
				18145E93176322C200D89AA4 /* main.m */,
				18145E95176322C200D89AA4 /* Demo3_Area-Prefix.pch */,
				18145E99176322C200D89AA4 /* Default.png */,
				18145E9B176322C200D89AA4 /* Default@2x.png */,
				18145E9D176322C200D89AA4 /* Default-568h@2x.png */,
			);
			name = "Supporting Files";
			sourceTree = "<group>";
		};
/* End PBXGroup section */

/* Begin PBXNativeTarget section */
		18145E82176322C200D89AA4 /* Demo3_Area */ = {
			isa = PBXNativeTarget;
			buildConfigurationList = 18145EA7176322C200D89AA4 /* Build configuration list for PBXNativeTarget "Demo3_Area" */;
			buildPhases = (
				18145E7F176322C200D89AA4 /* Sources */,
				18145E80176322C200D89AA4 /* Frameworks */,
				18145E81176322C200D89AA4 /* Resources */,
			);
			buildRules = (
			);
			dependencies = (
			);
			name = Demo3_Area;
			productName = Demo3_Area;
			productReference = 18145E83176322C200D89AA4 /* Demo3_Area.app */;
			productType = "com.apple.product-type.application";
		};
/* End PBXNativeTarget section */

/* Begin PBXProject section */
		18145E7A176322C100D89AA4 /* Project object */ = {
			isa = PBXProject;
			attributes = {
				CLASSPREFIX = TR;
				LastUpgradeCheck = 0450;
				ORGANIZATIONNAME = tarena;
			};
			buildConfigurationList = 18145E7D176322C100D89AA4 /* Build configuration list for PBXProject "Demo3_Area" */;
			compatibilityVersion = "Xcode 3.2";
			developmentRegion = English;
			hasScannedForEncodings = 0;
			knownRegions = (
				en,
			);
			mainGroup = 18145E78176322C100D89AA4;
			productRefGroup = 18145E84176322C200D89AA4 /* Products */;
			projectDirPath = "";
			projectRoot = "";
			targets = (
				18145E82176322C200D89AA4 /* Demo3_Area */,
			);
		};
/* End PBXProject section */

/* Begin PBXResourcesBuildPhase section */
		18145E81176322C200D89AA4 /* Resources */ = {
			isa = PBXResourcesBuildPhase;
			buildActionMask = 2147483647;
			files = (
				18145E92176322C200D89AA4 /* InfoPlist.strings in Resources */,
				18145E9A176322C200D89AA4 /* Default.png in Resources */,
				18145E9C176322C200D89AA4 /* Default@2x.png in Resources */,
				18145E9E176322C200D89AA4 /* Default-568h@2x.png in Resources */,
				18145EAE176322FF00D89AA4 /* TRAreaViewController.xib in Resources */,
			);
			runOnlyForDeploymentPostprocessing = 0;
		};
/* End PBXResourcesBuildPhase section */

/* Begin PBXSourcesBuildPhase section */
		18145E7F176322C200D89AA4 /* Sources */ = {
			isa = PBXSourcesBuildPhase;
			buildActionMask = 2147483647;
			files = (
				18145E94176322C200D89AA4 /* main.m in Sources */,
				18145E98176322C200D89AA4 /* TRAppDelegate.m in Sources */,
				18145EAD176322FF00D89AA4 /* TRAreaViewController.m in Sources */,
				18145EB11763237A00D89AA4 /* TRArea.m in Sources */,
			);
			runOnlyForDeploymentPostprocessing = 0;
		};
/* End PBXSourcesBuildPhase section */

/* Begin PBXVariantGroup section */
		18145E90176322C200D89AA4 /* InfoPlist.strings */ = {
			isa = PBXVariantGroup;
			children = (
				18145E91176322C200D89AA4 /* en */,
			);
			name = InfoPlist.strings;
			sourceTree = "<group>";
		};
/* End PBXVariantGroup section */

/* Begin XCBuildConfiguration section */
		18145EA5176322C200D89AA4 /* Debug */ = {
			isa = XCBuildConfiguration;
			buildSettings = {
				ALWAYS_SEARCH_USER_PATHS = NO;
				CLANG_CXX_LANGUAGE_STANDARD = "gnu++0x";
				CLANG_CXX_LIBRARY = "libc++";
				CLANG_WARN_EMPTY_BODY = YES;
				CLANG_WARN__DUPLICATE_METHOD_MATCH = YES;
				"CODE_SIGN_IDENTITY[sdk=iphoneos*]" = "iPhone Developer";
				COPY_PHASE_STRIP = NO;
				GCC_C_LANGUAGE_STANDARD = gnu99;
				GCC_DYNAMIC_NO_PIC = NO;
				GCC_OPTIMIZATION_LEVEL = 0;
				GCC_PREPROCESSOR_DEFINITIONS = (
					"DEBUG=1",
					"$(inherited)",
				);
				GCC_SYMBOLS_PRIVATE_EXTERN = NO;
				GCC_WARN_ABOUT_RETURN_TYPE = YES;
				GCC_WARN_UNINITIALIZED_AUTOS = YES;
				GCC_WARN_UNUSED_VARIABLE = YES;
				IPHONEOS_DEPLOYMENT_TARGET = 6.0;
				ONLY_ACTIVE_ARCH = YES;
				SDKROOT = iphoneos;
			};
			name = Debug;
		};
		18145EA6176322C200D89AA4 /* Release */ = {
			isa = XCBuildConfiguration;
			buildSettings = {
				ALWAYS_SEARCH_USER_PATHS = NO;
				CLANG_CXX_LANGUAGE_STANDARD = "gnu++0x";
				CLANG_CXX_LIBRARY = "libc++";
				CLANG_WARN_EMPTY_BODY = YES;
				CLANG_WARN__DUPLICATE_METHOD_MATCH = YES;
				"CODE_SIGN_IDENTITY[sdk=iphoneos*]" = "iPhone Developer";
				COPY_PHASE_STRIP = YES;
				GCC_C_LANGUAGE_STANDARD = gnu99;
				GCC_WARN_ABOUT_RETURN_TYPE = YES;
				GCC_WARN_UNINITIALIZED_AUTOS = YES;
				GCC_WARN_UNUSED_VARIABLE = YES;
				IPHONEOS_DEPLOYMENT_TARGET = 6.0;
				OTHER_CFLAGS = "-DNS_BLOCK_ASSERTIONS=1";
				SDKROOT = iphoneos;
				VALIDATE_PRODUCT = YES;
			};
			name = Release;
		};
		18145EA8176322C200D89AA4 /* Debug */ = {
			isa = XCBuildConfiguration;
			buildSettings = {
				GCC_PRECOMPILE_PREFIX_HEADER = YES;
				GCC_PREFIX_HEADER = "Demo3_Area/Demo3_Area-Prefix.pch";
				INFOPLIST_FILE = "Demo3_Area/Demo3_Area-Info.plist";
				PRODUCT_NAME = "$(TARGET_NAME)";
				WRAPPER_EXTENSION = app;
			};
			name = Debug;
		};
		18145EA9176322C200D89AA4 /* Release */ = {
			isa = XCBuildConfiguration;
			buildSettings = {
				GCC_PRECOMPILE_PREFIX_HEADER = YES;
				GCC_PREFIX_HEADER = "Demo3_Area/Demo3_Area-Prefix.pch";
				INFOPLIST_FILE = "Demo3_Area/Demo3_Area-Info.plist";
				PRODUCT_NAME = "$(TARGET_NAME)";
				WRAPPER_EXTENSION = app;
			};
			name = Release;
		};
/* End XCBuildConfiguration section */

/* Begin XCConfigurationList section */
		18145E7D176322C100D89AA4 /* Build configuration list for PBXProject "Demo3_Area" */ = {
			isa = XCConfigurationList;
			buildConfigurations = (
				18145EA5176322C200D89AA4 /* Debug */,
				18145EA6176322C200D89AA4 /* Release */,
			);
			defaultConfigurationIsVisible = 0;
			defaultConfigurationName = Release;
		};
		18145EA7176322C200D89AA4 /* Build configuration list for PBXNativeTarget "Demo3_Area" */ = {
			isa = XCConfigurationList;
			buildConfigurations = (
				18145EA8176322C200D89AA4 /* Debug */,
				18145EA9176322C200D89AA4 /* Release */,
			);
			defaultConfigurationIsVisible = 0;
		};
/* End XCConfigurationList section */
	};
	rootObject = 18145E7A176322C100D89AA4 /* Project object */;
}
