// !$*UTF8*$!
{
	archiveVersion = 1;
	classes = {
	};
	objectVersion = 46;
	objects = {

/* Begin PBXBuildFile section */
		18262686176F0476002C1927 /* UIKit.framework in Frameworks */ = {isa = PBXBuildFile; fileRef = 18262685176F0476002C1927 /* UIKit.framework */; };
		18262688176F0476002C1927 /* Foundation.framework in Frameworks */ = {isa = PBXBuildFile; fileRef = 18262687176F0476002C1927 /* Foundation.framework */; };
		1826268A176F0476002C1927 /* CoreGraphics.framework in Frameworks */ = {isa = PBXBuildFile; fileRef = 18262689176F0476002C1927 /* CoreGraphics.framework */; };
		18262690176F0476002C1927 /* InfoPlist.strings in Resources */ = {isa = PBXBuildFile; fileRef = 1826268E176F0476002C1927 /* InfoPlist.strings */; };
		18262692176F0476002C1927 /* main.m in Sources */ = {isa = PBXBuildFile; fileRef = 18262691176F0476002C1927 /* main.m */; };
		18262696176F0476002C1927 /* TRAppDelegate.m in Sources */ = {isa = PBXBuildFile; fileRef = 18262695176F0476002C1927 /* TRAppDelegate.m */; };
		18262698176F0476002C1927 /* Default.png in Resources */ = {isa = PBXBuildFile; fileRef = 18262697176F0476002C1927 /* Default.png */; };
		1826269A176F0476002C1927 /* Default@2x.png in Resources */ = {isa = PBXBuildFile; fileRef = 18262699176F0476002C1927 /* Default@2x.png */; };
		1826269C176F0476002C1927 /* Default-568h@2x.png in Resources */ = {isa = PBXBuildFile; fileRef = 1826269B176F0476002C1927 /* Default-568h@2x.png */; };
		1826269F176F0476002C1927 /* TRViewController.m in Sources */ = {isa = PBXBuildFile; fileRef = 1826269E176F0476002C1927 /* TRViewController.m */; };
		182626A2176F0476002C1927 /* TRViewController.xib in Resources */ = {isa = PBXBuildFile; fileRef = 182626A0176F0476002C1927 /* TRViewController.xib */; };
		182626A9176F04B1002C1927 /* Elephant.jpg in Resources */ = {isa = PBXBuildFile; fileRef = 182626A8176F04B1002C1927 /* Elephant.jpg */; };
/* End PBXBuildFile section */

/* Begin PBXFileReference section */
		18262681176F0476002C1927 /* P20.app */ = {isa = PBXFileReference; explicitFileType = wrapper.application; includeInIndex = 0; path = P20.app; sourceTree = BUILT_PRODUCTS_DIR; };
		18262685176F0476002C1927 /* UIKit.framework */ = {isa = PBXFileReference; lastKnownFileType = wrapper.framework; name = UIKit.framework; path = System/Library/Frameworks/UIKit.framework; sourceTree = SDKROOT; };
		18262687176F0476002C1927 /* Foundation.framework */ = {isa = PBXFileReference; lastKnownFileType = wrapper.framework; name = Foundation.framework; path = System/Library/Frameworks/Foundation.framework; sourceTree = SDKROOT; };
		18262689176F0476002C1927 /* CoreGraphics.framework */ = {isa = PBXFileReference; lastKnownFileType = wrapper.framework; name = CoreGraphics.framework; path = System/Library/Frameworks/CoreGraphics.framework; sourceTree = SDKROOT; };
		1826268D176F0476002C1927 /* P20-Info.plist */ = {isa = PBXFileReference; lastKnownFileType = text.plist.xml; path = "P20-Info.plist"; sourceTree = "<group>"; };
		1826268F176F0476002C1927 /* en */ = {isa = PBXFileReference; lastKnownFileType = text.plist.strings; name = en; path = en.lproj/InfoPlist.strings; sourceTree = "<group>"; };
		18262691176F0476002C1927 /* main.m */ = {isa = PBXFileReference; lastKnownFileType = sourcecode.c.objc; path = main.m; sourceTree = "<group>"; };
		18262693176F0476002C1927 /* P20-Prefix.pch */ = {isa = PBXFileReference; lastKnownFileType = sourcecode.c.h; path = "P20-Prefix.pch"; sourceTree = "<group>"; };
		18262694176F0476002C1927 /* TRAppDelegate.h */ = {isa = PBXFileReference; lastKnownFileType = sourcecode.c.h; path = TRAppDelegate.h; sourceTree = "<group>"; };
		18262695176F0476002C1927 /* TRAppDelegate.m */ = {isa = PBXFileReference; lastKnownFileType = sourcecode.c.objc; path = TRAppDelegate.m; sourceTree = "<group>"; };
		18262697176F0476002C1927 /* Default.png */ = {isa = PBXFileReference; lastKnownFileType = image.png; path = Default.png; sourceTree = "<group>"; };
		18262699176F0476002C1927 /* Default@2x.png */ = {isa = PBXFileReference; lastKnownFileType = image.png; path = "Default@2x.png"; sourceTree = "<group>"; };
		1826269B176F0476002C1927 /* Default-568h@2x.png */ = {isa = PBXFileReference; lastKnownFileType = image.png; path = "Default-568h@2x.png"; sourceTree = "<group>"; };
		1826269D176F0476002C1927 /* TRViewController.h */ = {isa = PBXFileReference; lastKnownFileType = sourcecode.c.h; path = TRViewController.h; sourceTree = "<group>"; };
		1826269E176F0476002C1927 /* TRViewController.m */ = {isa = PBXFileReference; lastKnownFileType = sourcecode.c.objc; path = TRViewController.m; sourceTree = "<group>"; };
		182626A1176F0476002C1927 /* en */ = {isa = PBXFileReference; lastKnownFileType = file.xib; name = en; path = en.lproj/TRViewController.xib; sourceTree = "<group>"; };
		182626A8176F04B1002C1927 /* Elephant.jpg */ = {isa = PBXFileReference; lastKnownFileType = image.jpeg; path = Elephant.jpg; sourceTree = "<group>"; };
/* End PBXFileReference section */

/* Begin PBXFrameworksBuildPhase section */
		1826267E176F0476002C1927 /* Frameworks */ = {
			isa = PBXFrameworksBuildPhase;
			buildActionMask = 2147483647;
			files = (
				18262686176F0476002C1927 /* UIKit.framework in Frameworks */,
				18262688176F0476002C1927 /* Foundation.framework in Frameworks */,
				1826268A176F0476002C1927 /* CoreGraphics.framework in Frameworks */,
			);
			runOnlyForDeploymentPostprocessing = 0;
		};
/* End PBXFrameworksBuildPhase section */

/* Begin PBXGroup section */
		18262676176F0476002C1927 = {
			isa = PBXGroup;
			children = (
				1826268B176F0476002C1927 /* P20 */,
				18262684176F0476002C1927 /* Frameworks */,
				18262682176F0476002C1927 /* Products */,
			);
			sourceTree = "<group>";
		};
		18262682176F0476002C1927 /* Products */ = {
			isa = PBXGroup;
			children = (
				18262681176F0476002C1927 /* P20.app */,
			);
			name = Products;
			sourceTree = "<group>";
		};
		18262684176F0476002C1927 /* Frameworks */ = {
			isa = PBXGroup;
			children = (
				18262685176F0476002C1927 /* UIKit.framework */,
				18262687176F0476002C1927 /* Foundation.framework */,
				18262689176F0476002C1927 /* CoreGraphics.framework */,
			);
			name = Frameworks;
			sourceTree = "<group>";
		};
		1826268B176F0476002C1927 /* P20 */ = {
			isa = PBXGroup;
			children = (
				182626A8176F04B1002C1927 /* Elephant.jpg */,
				18262694176F0476002C1927 /* TRAppDelegate.h */,
				18262695176F0476002C1927 /* TRAppDelegate.m */,
				1826269D176F0476002C1927 /* TRViewController.h */,
				1826269E176F0476002C1927 /* TRViewController.m */,
				182626A0176F0476002C1927 /* TRViewController.xib */,
				1826268C176F0476002C1927 /* Supporting Files */,
			);
			path = P20;
			sourceTree = "<group>";
		};
		1826268C176F0476002C1927 /* Supporting Files */ = {
			isa = PBXGroup;
			children = (
				1826268D176F0476002C1927 /* P20-Info.plist */,
				1826268E176F0476002C1927 /* InfoPlist.strings */,
				18262691176F0476002C1927 /* main.m */,
				18262693176F0476002C1927 /* P20-Prefix.pch */,
				18262697176F0476002C1927 /* Default.png */,
				18262699176F0476002C1927 /* Default@2x.png */,
				1826269B176F0476002C1927 /* Default-568h@2x.png */,
			);
			name = "Supporting Files";
			sourceTree = "<group>";
		};
/* End PBXGroup section */

/* Begin PBXNativeTarget section */
		18262680176F0476002C1927 /* P20 */ = {
			isa = PBXNativeTarget;
			buildConfigurationList = 182626A5176F0476002C1927 /* Build configuration list for PBXNativeTarget "P20" */;
			buildPhases = (
				1826267D176F0476002C1927 /* Sources */,
				1826267E176F0476002C1927 /* Frameworks */,
				1826267F176F0476002C1927 /* Resources */,
			);
			buildRules = (
			);
			dependencies = (
			);
			name = P20;
			productName = P20;
			productReference = 18262681176F0476002C1927 /* P20.app */;
			productType = "com.apple.product-type.application";
		};
/* End PBXNativeTarget section */

/* Begin PBXProject section */
		18262678176F0476002C1927 /* Project object */ = {
			isa = PBXProject;
			attributes = {
				CLASSPREFIX = TR;
				LastUpgradeCheck = 0450;
				ORGANIZATIONNAME = tarena;
			};
			buildConfigurationList = 1826267B176F0476002C1927 /* Build configuration list for PBXProject "P20" */;
			compatibilityVersion = "Xcode 3.2";
			developmentRegion = English;
			hasScannedForEncodings = 0;
			knownRegions = (
				en,
			);
			mainGroup = 18262676176F0476002C1927;
			productRefGroup = 18262682176F0476002C1927 /* Products */;
			projectDirPath = "";
			projectRoot = "";
			targets = (
				18262680176F0476002C1927 /* P20 */,
			);
		};
/* End PBXProject section */

/* Begin PBXResourcesBuildPhase section */
		1826267F176F0476002C1927 /* Resources */ = {
			isa = PBXResourcesBuildPhase;
			buildActionMask = 2147483647;
			files = (
				18262690176F0476002C1927 /* InfoPlist.strings in Resources */,
				18262698176F0476002C1927 /* Default.png in Resources */,
				1826269A176F0476002C1927 /* Default@2x.png in Resources */,
				1826269C176F0476002C1927 /* Default-568h@2x.png in Resources */,
				182626A2176F0476002C1927 /* TRViewController.xib in Resources */,
				182626A9176F04B1002C1927 /* Elephant.jpg in Resources */,
			);
			runOnlyForDeploymentPostprocessing = 0;
		};
/* End PBXResourcesBuildPhase section */

/* Begin PBXSourcesBuildPhase section */
		1826267D176F0476002C1927 /* Sources */ = {
			isa = PBXSourcesBuildPhase;
			buildActionMask = 2147483647;
			files = (
				18262692176F0476002C1927 /* main.m in Sources */,
				18262696176F0476002C1927 /* TRAppDelegate.m in Sources */,
				1826269F176F0476002C1927 /* TRViewController.m in Sources */,
			);
			runOnlyForDeploymentPostprocessing = 0;
		};
/* End PBXSourcesBuildPhase section */

/* Begin PBXVariantGroup section */
		1826268E176F0476002C1927 /* InfoPlist.strings */ = {
			isa = PBXVariantGroup;
			children = (
				1826268F176F0476002C1927 /* en */,
			);
			name = InfoPlist.strings;
			sourceTree = "<group>";
		};
		182626A0176F0476002C1927 /* TRViewController.xib */ = {
			isa = PBXVariantGroup;
			children = (
				182626A1176F0476002C1927 /* en */,
			);
			name = TRViewController.xib;
			sourceTree = "<group>";
		};
/* End PBXVariantGroup section */

/* Begin XCBuildConfiguration section */
		182626A3176F0476002C1927 /* Debug */ = {
			isa = XCBuildConfiguration;
			buildSettings = {
				ALWAYS_SEARCH_USER_PATHS = NO;
				CLANG_CXX_LANGUAGE_STANDARD = "gnu++0x";
				CLANG_CXX_LIBRARY = "libc++";
				CLANG_ENABLE_OBJC_ARC = YES;
				CLANG_WARN_EMPTY_BODY = YES;
				CLANG_WARN__DUPLICATE_METHOD_MATCH = YES;
				"CODE_SIGN_IDENTITY[sdk=iphoneos*]" = "iPhone Developer";
				COPY_PHASE_STRIP = NO;
				GCC_C_LANGUAGE_STANDARD = gnu99;
				GCC_DYNAMIC_NO_PIC = NO;
				GCC_OPTIMIZATION_LEVEL = 0;
				GCC_PREPROCESSOR_DEFINITIONS = (
					"DEBUG=1",
					"$(inherited)",
				);
				GCC_SYMBOLS_PRIVATE_EXTERN = NO;
				GCC_WARN_ABOUT_RETURN_TYPE = YES;
				GCC_WARN_UNINITIALIZED_AUTOS = YES;
				GCC_WARN_UNUSED_VARIABLE = YES;
				IPHONEOS_DEPLOYMENT_TARGET = 6.0;
				ONLY_ACTIVE_ARCH = YES;
				SDKROOT = iphoneos;
			};
			name = Debug;
		};
		182626A4176F0476002C1927 /* Release */ = {
			isa = XCBuildConfiguration;
			buildSettings = {
				ALWAYS_SEARCH_USER_PATHS = NO;
				CLANG_CXX_LANGUAGE_STANDARD = "gnu++0x";
				CLANG_CXX_LIBRARY = "libc++";
				CLANG_ENABLE_OBJC_ARC = YES;
				CLANG_WARN_EMPTY_BODY = YES;
				CLANG_WARN__DUPLICATE_METHOD_MATCH = YES;
				"CODE_SIGN_IDENTITY[sdk=iphoneos*]" = "iPhone Developer";
				COPY_PHASE_STRIP = YES;
				GCC_C_LANGUAGE_STANDARD = gnu99;
				GCC_WARN_ABOUT_RETURN_TYPE = YES;
				GCC_WARN_UNINITIALIZED_AUTOS = YES;
				GCC_WARN_UNUSED_VARIABLE = YES;
				IPHONEOS_DEPLOYMENT_TARGET = 6.0;
				OTHER_CFLAGS = "-DNS_BLOCK_ASSERTIONS=1";
				SDKROOT = iphoneos;
				VALIDATE_PRODUCT = YES;
			};
			name = Release;
		};
		182626A6176F0476002C1927 /* Debug */ = {
			isa = XCBuildConfiguration;
			buildSettings = {
				GCC_PRECOMPILE_PREFIX_HEADER = YES;
				GCC_PREFIX_HEADER = "P20/P20-Prefix.pch";
				INFOPLIST_FILE = "P20/P20-Info.plist";
				PRODUCT_NAME = "$(TARGET_NAME)";
				WRAPPER_EXTENSION = app;
			};
			name = Debug;
		};
		182626A7176F0476002C1927 /* Release */ = {
			isa = XCBuildConfiguration;
			buildSettings = {
				GCC_PRECOMPILE_PREFIX_HEADER = YES;
				GCC_PREFIX_HEADER = "P20/P20-Prefix.pch";
				INFOPLIST_FILE = "P20/P20-Info.plist";
				PRODUCT_NAME = "$(TARGET_NAME)";
				WRAPPER_EXTENSION = app;
			};
			name = Release;
		};
/* End XCBuildConfiguration section */

/* Begin XCConfigurationList section */
		1826267B176F0476002C1927 /* Build configuration list for PBXProject "P20" */ = {
			isa = XCConfigurationList;
			buildConfigurations = (
				182626A3176F0476002C1927 /* Debug */,
				182626A4176F0476002C1927 /* Release */,
			);
			defaultConfigurationIsVisible = 0;
			defaultConfigurationName = Release;
		};
		182626A5176F0476002C1927 /* Build configuration list for PBXNativeTarget "P20" */ = {
			isa = XCConfigurationList;
			buildConfigurations = (
				182626A6176F0476002C1927 /* Debug */,
				182626A7176F0476002C1927 /* Release */,
			);
			defaultConfigurationIsVisible = 0;
		};
/* End XCConfigurationList section */
	};
	rootObject = 18262678176F0476002C1927 /* Project object */;
}
